// !$*UTF8*$!
{
	archiveVersion = 1;
	classes = {
	};
	objectVersion = 56;
	objects = {

/* Begin PBXBuildFile section */
		FF4BF6A92C2DACCB00B6DEB2 /* MakeDotchiPhotoViewController.swift in Sources */ = {isa = PBXBuildFile; fileRef = FF4BF6A82C2DACCB00B6DEB2 /* MakeDotchiPhotoViewController.swift */; };
		FF4BF6AC2C2DB15500B6DEB2 /* SnapKit in Frameworks */ = {isa = PBXBuildFile; productRef = FF4BF6AB2C2DB15500B6DEB2 /* SnapKit */; };
		FF4BF6AF2C2DB39300B6DEB2 /* MyView.swift in Sources */ = {isa = PBXBuildFile; fileRef = FF4BF6AE2C2DB39300B6DEB2 /* MyView.swift */; };
		FFCD602A2C21D9F2007785FF /* AppDelegate.swift in Sources */ = {isa = PBXBuildFile; fileRef = FFCD60292C21D9F2007785FF /* AppDelegate.swift */; };
		FFCD602C2C21D9F2007785FF /* SceneDelegate.swift in Sources */ = {isa = PBXBuildFile; fileRef = FFCD602B2C21D9F2007785FF /* SceneDelegate.swift */; };
		FFCD60362C21D9F3007785FF /* LaunchScreen.storyboard in Resources */ = {isa = PBXBuildFile; fileRef = FFCD60342C21D9F3007785FF /* LaunchScreen.storyboard */; };
		FFCD60442C2D9195007785FF /* Pretendard-SemiBold.ttf in Resources */ = {isa = PBXBuildFile; fileRef = FFCD60402C2D9195007785FF /* Pretendard-SemiBold.ttf */; };
		FFCD60452C2D9195007785FF /* Pretendard-ExtraBold.ttf in Resources */ = {isa = PBXBuildFile; fileRef = FFCD60412C2D9195007785FF /* Pretendard-ExtraBold.ttf */; };
		FFCD60462C2D9195007785FF /* Pretendard-Bold.ttf in Resources */ = {isa = PBXBuildFile; fileRef = FFCD60422C2D9195007785FF /* Pretendard-Bold.ttf */; };
		FFCD60472C2D9195007785FF /* Pretendard-Medium.ttf in Resources */ = {isa = PBXBuildFile; fileRef = FFCD60432C2D9195007785FF /* Pretendard-Medium.ttf */; };
		FFCD604A2C2D9290007785FF /* Assets.xcassets in Resources */ = {isa = PBXBuildFile; fileRef = FFCD60482C2D9290007785FF /* Assets.xcassets */; };
		FFCD604B2C2D9290007785FF /* Colorsets.xcassets in Resources */ = {isa = PBXBuildFile; fileRef = FFCD60492C2D9290007785FF /* Colorsets.xcassets */; };
		FFCD60522C2D9482007785FF /* SplashViewController.swift in Sources */ = {isa = PBXBuildFile; fileRef = FFCD60512C2D9482007785FF /* SplashViewController.swift */; };
		FFCD60562C2D9501007785FF /* UIFont+.swift in Sources */ = {isa = PBXBuildFile; fileRef = FFCD60552C2D9501007785FF /* UIFont+.swift */; };
		FFCD60582C2D9515007785FF /* UIColor+.swift in Sources */ = {isa = PBXBuildFile; fileRef = FFCD60572C2D9515007785FF /* UIColor+.swift */; };
		FFCD605B2C2D953F007785FF /* BaseViewController.swift in Sources */ = {isa = PBXBuildFile; fileRef = FFCD605A2C2D953F007785FF /* BaseViewController.swift */; };
		FFCD60622C2D95AA007785FF /* BaseUINavigationController.swift in Sources */ = {isa = PBXBuildFile; fileRef = FFCD60612C2D95AA007785FF /* BaseUINavigationController.swift */; };
		FFCD60652C2D96D8007785FF /* UIViewController+.swift in Sources */ = {isa = PBXBuildFile; fileRef = FFCD60642C2D96D8007785FF /* UIViewController+.swift */; };
		FFCD60672C2D96F8007785FF /* UIView+.swift in Sources */ = {isa = PBXBuildFile; fileRef = FFCD60662C2D96F8007785FF /* UIView+.swift */; };
		FFCD60692C2D9718007785FF /* UIButton+.swift in Sources */ = {isa = PBXBuildFile; fileRef = FFCD60682C2D9718007785FF /* UIButton+.swift */; };
		FFCD606B2C2D9728007785FF /* FontManager.swift in Sources */ = {isa = PBXBuildFile; fileRef = FFCD606A2C2D9728007785FF /* FontManager.swift */; };
		FFCD606D2C2D9742007785FF /* UILabel+.swift in Sources */ = {isa = PBXBuildFile; fileRef = FFCD606C2C2D9742007785FF /* UILabel+.swift */; };
		FFCD606F2C2D975A007785FF /* UICollectionView+.swift in Sources */ = {isa = PBXBuildFile; fileRef = FFCD606E2C2D975A007785FF /* UICollectionView+.swift */; };
		FFCD60712C2D976E007785FF /* Adjusted+.swift in Sources */ = {isa = PBXBuildFile; fileRef = FFCD60702C2D976E007785FF /* Adjusted+.swift */; };
		FFCD60732C2D977F007785FF /* UIImageView+.swift in Sources */ = {isa = PBXBuildFile; fileRef = FFCD60722C2D977F007785FF /* UIImageView+.swift */; };
		FFCD60752C2D9792007785FF /* UIStackView+.swift in Sources */ = {isa = PBXBuildFile; fileRef = FFCD60742C2D9792007785FF /* UIStackView+.swift */; };
		FFCD60772C2D97AA007785FF /* UITextField+.swift in Sources */ = {isa = PBXBuildFile; fileRef = FFCD60762C2D97AA007785FF /* UITextField+.swift */; };
		FFCD60792C2D97C3007785FF /* String+.swift in Sources */ = {isa = PBXBuildFile; fileRef = FFCD60782C2D97C3007785FF /* String+.swift */; };
		FFCD607B2C2D97D1007785FF /* UITableView+.swift in Sources */ = {isa = PBXBuildFile; fileRef = FFCD607A2C2D97D1007785FF /* UITableView+.swift */; };
		FFCD607D2C2D97E1007785FF /* UIImage+.swift in Sources */ = {isa = PBXBuildFile; fileRef = FFCD607C2C2D97E1007785FF /* UIImage+.swift */; };
		FFCD607F2C2D97FB007785FF /* UserDefaults+.swift in Sources */ = {isa = PBXBuildFile; fileRef = FFCD607E2C2D97FB007785FF /* UserDefaults+.swift */; };
		FFCD60812C2D980F007785FF /* UINavigationController+.swift in Sources */ = {isa = PBXBuildFile; fileRef = FFCD60802C2D980F007785FF /* UINavigationController+.swift */; };
		FFCD60832C2D9832007785FF /* Encodable+.swift in Sources */ = {isa = PBXBuildFile; fileRef = FFCD60822C2D9832007785FF /* Encodable+.swift */; };
		FFCD60852C2D9860007785FF /* ClassNameProtocol.swift in Sources */ = {isa = PBXBuildFile; fileRef = FFCD60842C2D9860007785FF /* ClassNameProtocol.swift */; };
		FFCD60882C2D9884007785FF /* UIViewControllerToSwiftUI.swift in Sources */ = {isa = PBXBuildFile; fileRef = FFCD60872C2D9884007785FF /* UIViewControllerToSwiftUI.swift */; };
		FFCD608B2C2D98A5007785FF /* ImageCacheManager.swift in Sources */ = {isa = PBXBuildFile; fileRef = FFCD608A2C2D98A5007785FF /* ImageCacheManager.swift */; };
		FFCD608D2C2D98B1007785FF /* UserInfo.swift in Sources */ = {isa = PBXBuildFile; fileRef = FFCD608C2C2D98B1007785FF /* UserInfo.swift */; };
		FFCD608F2C2D98BF007785FF /* UserDefaultsManager.swift in Sources */ = {isa = PBXBuildFile; fileRef = FFCD608E2C2D98BF007785FF /* UserDefaultsManager.swift */; };
		FFCD60922C2D98F7007785FF /* LuckyType.swift in Sources */ = {isa = PBXBuildFile; fileRef = FFCD60912C2D98F7007785FF /* LuckyType.swift */; };
		FFCD60942C2D990D007785FF /* CardSortType.swift in Sources */ = {isa = PBXBuildFile; fileRef = FFCD60932C2D990D007785FF /* CardSortType.swift */; };
		FFCD60962C2D9915007785FF /* CardHeadType.swift in Sources */ = {isa = PBXBuildFile; fileRef = FFCD60952C2D9915007785FF /* CardHeadType.swift */; };
		FFCD60982C2D991A007785FF /* Messages.swift in Sources */ = {isa = PBXBuildFile; fileRef = FFCD60972C2D991A007785FF /* Messages.swift */; };
		FFCD609A2C2D9920007785FF /* KeychainKeys.swift in Sources */ = {isa = PBXBuildFile; fileRef = FFCD60992C2D9920007785FF /* KeychainKeys.swift */; };
		FFCD60B22C2D9AA7007785FF /* RxGesture in Frameworks */ = {isa = PBXBuildFile; productRef = FFCD60B12C2D9AA7007785FF /* RxGesture */; };
		FFCD60B52C2D9B10007785FF /* KeychainSwift in Frameworks */ = {isa = PBXBuildFile; productRef = FFCD60B42C2D9B10007785FF /* KeychainSwift */; };
		FFCD60B82C2D9B29007785FF /* CombineMoya in Frameworks */ = {isa = PBXBuildFile; productRef = FFCD60B72C2D9B29007785FF /* CombineMoya */; };
		FFCD60BA2C2D9B29007785FF /* Moya in Frameworks */ = {isa = PBXBuildFile; productRef = FFCD60B92C2D9B29007785FF /* Moya */; };
		FFCD60BC2C2D9B29007785FF /* ReactiveMoya in Frameworks */ = {isa = PBXBuildFile; productRef = FFCD60BB2C2D9B29007785FF /* ReactiveMoya */; };
		FFCD60BE2C2D9B29007785FF /* RxMoya in Frameworks */ = {isa = PBXBuildFile; productRef = FFCD60BD2C2D9B29007785FF /* RxMoya */; };
		FFCD60C12C2D9DBC007785FF /* Lottie in Frameworks */ = {isa = PBXBuildFile; productRef = FFCD60C02C2D9DBC007785FF /* Lottie */; };
		FFCD60C52C2D9E66007785FF /* DotchiUITabBarController.swift in Sources */ = {isa = PBXBuildFile; fileRef = FFCD60C42C2D9E66007785FF /* DotchiUITabBarController.swift */; };
/* End PBXBuildFile section */

/* Begin PBXFileReference section */
		FF4BF6A82C2DACCB00B6DEB2 /* MakeDotchiPhotoViewController.swift */ = {isa = PBXFileReference; lastKnownFileType = sourcecode.swift; path = MakeDotchiPhotoViewController.swift; sourceTree = "<group>"; };
		FF4BF6AE2C2DB39300B6DEB2 /* MyView.swift */ = {isa = PBXFileReference; lastKnownFileType = sourcecode.swift; path = MyView.swift; sourceTree = "<group>"; };
		FFCD60262C21D9F2007785FF /* DOTCHI.app */ = {isa = PBXFileReference; explicitFileType = wrapper.application; includeInIndex = 0; path = DOTCHI.app; sourceTree = BUILT_PRODUCTS_DIR; };
		FFCD60292C21D9F2007785FF /* AppDelegate.swift */ = {isa = PBXFileReference; lastKnownFileType = sourcecode.swift; path = AppDelegate.swift; sourceTree = "<group>"; };
		FFCD602B2C21D9F2007785FF /* SceneDelegate.swift */ = {isa = PBXFileReference; lastKnownFileType = sourcecode.swift; path = SceneDelegate.swift; sourceTree = "<group>"; };
		FFCD60352C21D9F3007785FF /* Base */ = {isa = PBXFileReference; lastKnownFileType = file.storyboard; name = Base; path = Base.lproj/LaunchScreen.storyboard; sourceTree = "<group>"; };
		FFCD60372C21D9F3007785FF /* Info.plist */ = {isa = PBXFileReference; lastKnownFileType = text.plist.xml; path = Info.plist; sourceTree = "<group>"; };
		FFCD60402C2D9195007785FF /* Pretendard-SemiBold.ttf */ = {isa = PBXFileReference; lastKnownFileType = file; path = "Pretendard-SemiBold.ttf"; sourceTree = "<group>"; };
		FFCD60412C2D9195007785FF /* Pretendard-ExtraBold.ttf */ = {isa = PBXFileReference; lastKnownFileType = file; path = "Pretendard-ExtraBold.ttf"; sourceTree = "<group>"; };
		FFCD60422C2D9195007785FF /* Pretendard-Bold.ttf */ = {isa = PBXFileReference; lastKnownFileType = file; path = "Pretendard-Bold.ttf"; sourceTree = "<group>"; };
		FFCD60432C2D9195007785FF /* Pretendard-Medium.ttf */ = {isa = PBXFileReference; lastKnownFileType = file; path = "Pretendard-Medium.ttf"; sourceTree = "<group>"; };
		FFCD60482C2D9290007785FF /* Assets.xcassets */ = {isa = PBXFileReference; lastKnownFileType = folder.assetcatalog; path = Assets.xcassets; sourceTree = "<group>"; };
		FFCD60492C2D9290007785FF /* Colorsets.xcassets */ = {isa = PBXFileReference; lastKnownFileType = folder.assetcatalog; path = Colorsets.xcassets; sourceTree = "<group>"; };
		FFCD60512C2D9482007785FF /* SplashViewController.swift */ = {isa = PBXFileReference; lastKnownFileType = sourcecode.swift; path = SplashViewController.swift; sourceTree = "<group>"; };
		FFCD60552C2D9501007785FF /* UIFont+.swift */ = {isa = PBXFileReference; lastKnownFileType = sourcecode.swift; path = "UIFont+.swift"; sourceTree = "<group>"; };
		FFCD60572C2D9515007785FF /* UIColor+.swift */ = {isa = PBXFileReference; lastKnownFileType = sourcecode.swift; path = "UIColor+.swift"; sourceTree = "<group>"; };
		FFCD605A2C2D953F007785FF /* BaseViewController.swift */ = {isa = PBXFileReference; lastKnownFileType = sourcecode.swift; path = BaseViewController.swift; sourceTree = "<group>"; };
		FFCD60612C2D95AA007785FF /* BaseUINavigationController.swift */ = {isa = PBXFileReference; lastKnownFileType = sourcecode.swift; path = BaseUINavigationController.swift; sourceTree = "<group>"; };
		FFCD60642C2D96D8007785FF /* UIViewController+.swift */ = {isa = PBXFileReference; lastKnownFileType = sourcecode.swift; path = "UIViewController+.swift"; sourceTree = "<group>"; };
		FFCD60662C2D96F8007785FF /* UIView+.swift */ = {isa = PBXFileReference; lastKnownFileType = sourcecode.swift; path = "UIView+.swift"; sourceTree = "<group>"; };
		FFCD60682C2D9718007785FF /* UIButton+.swift */ = {isa = PBXFileReference; lastKnownFileType = sourcecode.swift; path = "UIButton+.swift"; sourceTree = "<group>"; };
		FFCD606A2C2D9728007785FF /* FontManager.swift */ = {isa = PBXFileReference; lastKnownFileType = sourcecode.swift; path = FontManager.swift; sourceTree = "<group>"; };
		FFCD606C2C2D9742007785FF /* UILabel+.swift */ = {isa = PBXFileReference; lastKnownFileType = sourcecode.swift; path = "UILabel+.swift"; sourceTree = "<group>"; };
		FFCD606E2C2D975A007785FF /* UICollectionView+.swift */ = {isa = PBXFileReference; lastKnownFileType = sourcecode.swift; path = "UICollectionView+.swift"; sourceTree = "<group>"; };
		FFCD60702C2D976E007785FF /* Adjusted+.swift */ = {isa = PBXFileReference; lastKnownFileType = sourcecode.swift; path = "Adjusted+.swift"; sourceTree = "<group>"; };
		FFCD60722C2D977F007785FF /* UIImageView+.swift */ = {isa = PBXFileReference; lastKnownFileType = sourcecode.swift; path = "UIImageView+.swift"; sourceTree = "<group>"; };
		FFCD60742C2D9792007785FF /* UIStackView+.swift */ = {isa = PBXFileReference; lastKnownFileType = sourcecode.swift; path = "UIStackView+.swift"; sourceTree = "<group>"; };
		FFCD60762C2D97AA007785FF /* UITextField+.swift */ = {isa = PBXFileReference; lastKnownFileType = sourcecode.swift; path = "UITextField+.swift"; sourceTree = "<group>"; };
		FFCD60782C2D97C3007785FF /* String+.swift */ = {isa = PBXFileReference; lastKnownFileType = sourcecode.swift; path = "String+.swift"; sourceTree = "<group>"; };
		FFCD607A2C2D97D1007785FF /* UITableView+.swift */ = {isa = PBXFileReference; lastKnownFileType = sourcecode.swift; path = "UITableView+.swift"; sourceTree = "<group>"; };
		FFCD607C2C2D97E1007785FF /* UIImage+.swift */ = {isa = PBXFileReference; lastKnownFileType = sourcecode.swift; path = "UIImage+.swift"; sourceTree = "<group>"; };
		FFCD607E2C2D97FB007785FF /* UserDefaults+.swift */ = {isa = PBXFileReference; lastKnownFileType = sourcecode.swift; path = "UserDefaults+.swift"; sourceTree = "<group>"; };
		FFCD60802C2D980F007785FF /* UINavigationController+.swift */ = {isa = PBXFileReference; lastKnownFileType = sourcecode.swift; path = "UINavigationController+.swift"; sourceTree = "<group>"; };
		FFCD60822C2D9832007785FF /* Encodable+.swift */ = {isa = PBXFileReference; lastKnownFileType = sourcecode.swift; path = "Encodable+.swift"; sourceTree = "<group>"; };
		FFCD60842C2D9860007785FF /* ClassNameProtocol.swift */ = {isa = PBXFileReference; lastKnownFileType = sourcecode.swift; path = ClassNameProtocol.swift; sourceTree = "<group>"; };
		FFCD60872C2D9884007785FF /* UIViewControllerToSwiftUI.swift */ = {isa = PBXFileReference; lastKnownFileType = sourcecode.swift; path = UIViewControllerToSwiftUI.swift; sourceTree = "<group>"; };
		FFCD608A2C2D98A5007785FF /* ImageCacheManager.swift */ = {isa = PBXFileReference; lastKnownFileType = sourcecode.swift; path = ImageCacheManager.swift; sourceTree = "<group>"; };
		FFCD608C2C2D98B1007785FF /* UserInfo.swift */ = {isa = PBXFileReference; lastKnownFileType = sourcecode.swift; path = UserInfo.swift; sourceTree = "<group>"; };
		FFCD608E2C2D98BF007785FF /* UserDefaultsManager.swift */ = {isa = PBXFileReference; lastKnownFileType = sourcecode.swift; path = UserDefaultsManager.swift; sourceTree = "<group>"; };
		FFCD60912C2D98F7007785FF /* LuckyType.swift */ = {isa = PBXFileReference; lastKnownFileType = sourcecode.swift; path = LuckyType.swift; sourceTree = "<group>"; };
		FFCD60932C2D990D007785FF /* CardSortType.swift */ = {isa = PBXFileReference; lastKnownFileType = sourcecode.swift; path = CardSortType.swift; sourceTree = "<group>"; };
		FFCD60952C2D9915007785FF /* CardHeadType.swift */ = {isa = PBXFileReference; lastKnownFileType = sourcecode.swift; path = CardHeadType.swift; sourceTree = "<group>"; };
		FFCD60972C2D991A007785FF /* Messages.swift */ = {isa = PBXFileReference; lastKnownFileType = sourcecode.swift; path = Messages.swift; sourceTree = "<group>"; };
		FFCD60992C2D9920007785FF /* KeychainKeys.swift */ = {isa = PBXFileReference; lastKnownFileType = sourcecode.swift; path = KeychainKeys.swift; sourceTree = "<group>"; };
		FFCD60C42C2D9E66007785FF /* DotchiUITabBarController.swift */ = {isa = PBXFileReference; lastKnownFileType = sourcecode.swift; path = DotchiUITabBarController.swift; sourceTree = "<group>"; };
/* End PBXFileReference section */

/* Begin PBXFrameworksBuildPhase section */
		FFCD60232C21D9F2007785FF /* Frameworks */ = {
			isa = PBXFrameworksBuildPhase;
			buildActionMask = 2147483647;
			files = (
				FFCD60B22C2D9AA7007785FF /* RxGesture in Frameworks */,
				FF4BF6AC2C2DB15500B6DEB2 /* SnapKit in Frameworks */,
				FFCD60BC2C2D9B29007785FF /* ReactiveMoya in Frameworks */,
				FFCD60C12C2D9DBC007785FF /* Lottie in Frameworks */,
				FFCD60BE2C2D9B29007785FF /* RxMoya in Frameworks */,
				FFCD60B82C2D9B29007785FF /* CombineMoya in Frameworks */,
				FFCD60BA2C2D9B29007785FF /* Moya in Frameworks */,
				FFCD60B52C2D9B10007785FF /* KeychainSwift in Frameworks */,
			);
			runOnlyForDeploymentPostprocessing = 0;
		};
/* End PBXFrameworksBuildPhase section */

/* Begin PBXGroup section */
		FF4BF6A72C2DAC9500B6DEB2 /* Make */ = {
			isa = PBXGroup;
			children = (
				FF4BF6A82C2DACCB00B6DEB2 /* MakeDotchiPhotoViewController.swift */,
			);
			path = Make;
			sourceTree = "<group>";
		};
		FF4BF6AD2C2DB38900B6DEB2 /* My */ = {
			isa = PBXGroup;
			children = (
				FF4BF6AE2C2DB39300B6DEB2 /* MyView.swift */,
			);
			path = My;
			sourceTree = "<group>";
		};
		FFCD601D2C21D9F2007785FF = {
			isa = PBXGroup;
			children = (
				FFCD60282C21D9F2007785FF /* DOTCHI */,
				FFCD60272C21D9F2007785FF /* Products */,
			);
			sourceTree = "<group>";
		};
		FFCD60272C21D9F2007785FF /* Products */ = {
			isa = PBXGroup;
			children = (
				FFCD60262C21D9F2007785FF /* DOTCHI.app */,
			);
			name = Products;
			sourceTree = "<group>";
		};
		FFCD60282C21D9F2007785FF /* DOTCHI */ = {
			isa = PBXGroup;
			children = (
				FFCD60532C2D94E9007785FF /* Global */,
				FFCD604C2C2D9406007785FF /* Sources */,
				FFCD603D2C2D911D007785FF /* Resources */,
				FFCD60292C21D9F2007785FF /* AppDelegate.swift */,
				FFCD602B2C21D9F2007785FF /* SceneDelegate.swift */,
				FFCD60372C21D9F3007785FF /* Info.plist */,
			);
			path = DOTCHI;
			sourceTree = "<group>";
		};
		FFCD603D2C2D911D007785FF /* Resources */ = {
			isa = PBXGroup;
			children = (
				FFCD60482C2D9290007785FF /* Assets.xcassets */,
				FFCD60492C2D9290007785FF /* Colorsets.xcassets */,
				FFCD603E2C2D913D007785FF /* Fonts */,
			);
			path = Resources;
			sourceTree = "<group>";
		};
		FFCD603E2C2D913D007785FF /* Fonts */ = {
			isa = PBXGroup;
			children = (
				FFCD60422C2D9195007785FF /* Pretendard-Bold.ttf */,
				FFCD60412C2D9195007785FF /* Pretendard-ExtraBold.ttf */,
				FFCD60432C2D9195007785FF /* Pretendard-Medium.ttf */,
				FFCD60402C2D9195007785FF /* Pretendard-SemiBold.ttf */,
			);
			path = Fonts;
			sourceTree = "<group>";
		};
		FFCD604C2C2D9406007785FF /* Sources */ = {
			isa = PBXGroup;
			children = (
				FFCD60C22C2D9E36007785FF /* Components */,
				FFCD604D2C2D940F007785FF /* Screens */,
			);
			path = Sources;
			sourceTree = "<group>";
		};
		FFCD604D2C2D940F007785FF /* Screens */ = {
			isa = PBXGroup;
			children = (
				FF4BF6AD2C2DB38900B6DEB2 /* My */,
				FF4BF6A72C2DAC9500B6DEB2 /* Make */,
				FFCD60502C2D9468007785FF /* Home */,
				FFCD604F2C2D9463007785FF /* Splash */,
				FFCD604E2C2D9446007785FF /* Onboarding */,
				FFCD60342C21D9F3007785FF /* LaunchScreen.storyboard */,
			);
			path = Screens;
			sourceTree = "<group>";
		};
		FFCD604E2C2D9446007785FF /* Onboarding */ = {
			isa = PBXGroup;
			children = (
			);
			path = Onboarding;
			sourceTree = "<group>";
		};
		FFCD604F2C2D9463007785FF /* Splash */ = {
			isa = PBXGroup;
			children = (
				FFCD60512C2D9482007785FF /* SplashViewController.swift */,
			);
			path = Splash;
			sourceTree = "<group>";
		};
		FFCD60502C2D9468007785FF /* Home */ = {
			isa = PBXGroup;
			children = (
			);
			path = Home;
			sourceTree = "<group>";
		};
		FFCD60532C2D94E9007785FF /* Global */ = {
			isa = PBXGroup;
			children = (
				FFCD60902C2D98E9007785FF /* Enums */,
				FFCD60892C2D988D007785FF /* Singletons */,
				FFCD60862C2D987B007785FF /* Structs */,
				FFCD60632C2D96BA007785FF /* Protocols */,
				FFCD60592C2D9536007785FF /* Bases */,
				FFCD60542C2D94F6007785FF /* Extensions */,
			);
			path = Global;
			sourceTree = "<group>";
		};
		FFCD60542C2D94F6007785FF /* Extensions */ = {
			isa = PBXGroup;
			children = (
				FFCD60642C2D96D8007785FF /* UIViewController+.swift */,
				FFCD60552C2D9501007785FF /* UIFont+.swift */,
				FFCD60572C2D9515007785FF /* UIColor+.swift */,
				FFCD60662C2D96F8007785FF /* UIView+.swift */,
				FFCD60682C2D9718007785FF /* UIButton+.swift */,
				FFCD606A2C2D9728007785FF /* FontManager.swift */,
				FFCD606C2C2D9742007785FF /* UILabel+.swift */,
				FFCD606E2C2D975A007785FF /* UICollectionView+.swift */,
				FFCD60702C2D976E007785FF /* Adjusted+.swift */,
				FFCD60722C2D977F007785FF /* UIImageView+.swift */,
				FFCD60742C2D9792007785FF /* UIStackView+.swift */,
				FFCD60762C2D97AA007785FF /* UITextField+.swift */,
				FFCD60782C2D97C3007785FF /* String+.swift */,
				FFCD607A2C2D97D1007785FF /* UITableView+.swift */,
				FFCD607C2C2D97E1007785FF /* UIImage+.swift */,
				FFCD607E2C2D97FB007785FF /* UserDefaults+.swift */,
				FFCD60802C2D980F007785FF /* UINavigationController+.swift */,
				FFCD60822C2D9832007785FF /* Encodable+.swift */,
			);
			path = Extensions;
			sourceTree = "<group>";
		};
		FFCD60592C2D9536007785FF /* Bases */ = {
			isa = PBXGroup;
			children = (
				FFCD605A2C2D953F007785FF /* BaseViewController.swift */,
				FFCD60612C2D95AA007785FF /* BaseUINavigationController.swift */,
			);
			path = Bases;
			sourceTree = "<group>";
		};
		FFCD60632C2D96BA007785FF /* Protocols */ = {
			isa = PBXGroup;
			children = (
				FFCD60842C2D9860007785FF /* ClassNameProtocol.swift */,
			);
			path = Protocols;
			sourceTree = "<group>";
		};
		FFCD60862C2D987B007785FF /* Structs */ = {
			isa = PBXGroup;
			children = (
				FFCD60872C2D9884007785FF /* UIViewControllerToSwiftUI.swift */,
			);
			path = Structs;
			sourceTree = "<group>";
		};
		FFCD60892C2D988D007785FF /* Singletons */ = {
			isa = PBXGroup;
			children = (
				FFCD608A2C2D98A5007785FF /* ImageCacheManager.swift */,
				FFCD608C2C2D98B1007785FF /* UserInfo.swift */,
				FFCD608E2C2D98BF007785FF /* UserDefaultsManager.swift */,
			);
			path = Singletons;
			sourceTree = "<group>";
		};
		FFCD60902C2D98E9007785FF /* Enums */ = {
			isa = PBXGroup;
			children = (
				FFCD60912C2D98F7007785FF /* LuckyType.swift */,
				FFCD60932C2D990D007785FF /* CardSortType.swift */,
				FFCD60952C2D9915007785FF /* CardHeadType.swift */,
				FFCD60972C2D991A007785FF /* Messages.swift */,
				FFCD60992C2D9920007785FF /* KeychainKeys.swift */,
			);
			path = Enums;
			sourceTree = "<group>";
		};
		FFCD60C22C2D9E36007785FF /* Components */ = {
			isa = PBXGroup;
			children = (
				FFCD60C32C2D9E3E007785FF /* UITabBarViewController */,
			);
			path = Components;
			sourceTree = "<group>";
		};
		FFCD60C32C2D9E3E007785FF /* UITabBarViewController */ = {
			isa = PBXGroup;
			children = (
				FFCD60C42C2D9E66007785FF /* DotchiUITabBarController.swift */,
			);
			path = UITabBarViewController;
			sourceTree = "<group>";
		};
/* End PBXGroup section */

/* Begin PBXNativeTarget section */
		FFCD60252C21D9F2007785FF /* DOTCHI */ = {
			isa = PBXNativeTarget;
			buildConfigurationList = FFCD603A2C21D9F3007785FF /* Build configuration list for PBXNativeTarget "DOTCHI" */;
			buildPhases = (
				FFCD60222C21D9F2007785FF /* Sources */,
				FFCD60232C21D9F2007785FF /* Frameworks */,
				FFCD60242C21D9F2007785FF /* Resources */,
			);
			buildRules = (
			);
			dependencies = (
			);
			name = DOTCHI;
			packageProductDependencies = (
				FFCD60B12C2D9AA7007785FF /* RxGesture */,
				FFCD60B42C2D9B10007785FF /* KeychainSwift */,
				FFCD60B72C2D9B29007785FF /* CombineMoya */,
				FFCD60B92C2D9B29007785FF /* Moya */,
				FFCD60BB2C2D9B29007785FF /* ReactiveMoya */,
				FFCD60BD2C2D9B29007785FF /* RxMoya */,
				FFCD60C02C2D9DBC007785FF /* Lottie */,
				FF4BF6AB2C2DB15500B6DEB2 /* SnapKit */,
			);
			productName = DOTCHI;
			productReference = FFCD60262C21D9F2007785FF /* DOTCHI.app */;
			productType = "com.apple.product-type.application";
		};
/* End PBXNativeTarget section */

/* Begin PBXProject section */
		FFCD601E2C21D9F2007785FF /* Project object */ = {
			isa = PBXProject;
			attributes = {
				BuildIndependentTargetsInParallel = 1;
				LastSwiftUpdateCheck = 1500;
				LastUpgradeCheck = 1500;
				TargetAttributes = {
					FFCD60252C21D9F2007785FF = {
						CreatedOnToolsVersion = 15.0.1;
					};
				};
			};
			buildConfigurationList = FFCD60212C21D9F2007785FF /* Build configuration list for PBXProject "DOTCHI" */;
			compatibilityVersion = "Xcode 14.0";
			developmentRegion = en;
			hasScannedForEncodings = 0;
			knownRegions = (
				en,
				Base,
			);
			mainGroup = FFCD601D2C21D9F2007785FF;
			packageReferences = (
				FFCD60B02C2D9AA7007785FF /* XCRemoteSwiftPackageReference "RxGesture" */,
				FFCD60B32C2D9B10007785FF /* XCRemoteSwiftPackageReference "keychain-swift" */,
				FFCD60B62C2D9B29007785FF /* XCRemoteSwiftPackageReference "Moya" */,
				FFCD60BF2C2D9DBC007785FF /* XCRemoteSwiftPackageReference "lottie-spm" */,
				FF4BF6AA2C2DB15500B6DEB2 /* XCRemoteSwiftPackageReference "SnapKit" */,
			);
			productRefGroup = FFCD60272C21D9F2007785FF /* Products */;
			projectDirPath = "";
			projectRoot = "";
			targets = (
				FFCD60252C21D9F2007785FF /* DOTCHI */,
			);
		};
/* End PBXProject section */

/* Begin PBXResourcesBuildPhase section */
		FFCD60242C21D9F2007785FF /* Resources */ = {
			isa = PBXResourcesBuildPhase;
			buildActionMask = 2147483647;
			files = (
				FFCD60442C2D9195007785FF /* Pretendard-SemiBold.ttf in Resources */,
				FFCD60362C21D9F3007785FF /* LaunchScreen.storyboard in Resources */,
				FFCD60452C2D9195007785FF /* Pretendard-ExtraBold.ttf in Resources */,
				FFCD60462C2D9195007785FF /* Pretendard-Bold.ttf in Resources */,
				FFCD60472C2D9195007785FF /* Pretendard-Medium.ttf in Resources */,
				FFCD604A2C2D9290007785FF /* Assets.xcassets in Resources */,
				FFCD604B2C2D9290007785FF /* Colorsets.xcassets in Resources */,
			);
			runOnlyForDeploymentPostprocessing = 0;
		};
/* End PBXResourcesBuildPhase section */

/* Begin PBXSourcesBuildPhase section */
		FFCD60222C21D9F2007785FF /* Sources */ = {
			isa = PBXSourcesBuildPhase;
			buildActionMask = 2147483647;
			files = (
				FFCD60622C2D95AA007785FF /* BaseUINavigationController.swift in Sources */,
				FFCD60812C2D980F007785FF /* UINavigationController+.swift in Sources */,
				FFCD60832C2D9832007785FF /* Encodable+.swift in Sources */,
				FFCD60652C2D96D8007785FF /* UIViewController+.swift in Sources */,
				FFCD606D2C2D9742007785FF /* UILabel+.swift in Sources */,
				FFCD60982C2D991A007785FF /* Messages.swift in Sources */,
				FFCD609A2C2D9920007785FF /* KeychainKeys.swift in Sources */,
				FFCD60732C2D977F007785FF /* UIImageView+.swift in Sources */,
				FFCD60792C2D97C3007785FF /* String+.swift in Sources */,
				FFCD602A2C21D9F2007785FF /* AppDelegate.swift in Sources */,
				FFCD60882C2D9884007785FF /* UIViewControllerToSwiftUI.swift in Sources */,
				FFCD60672C2D96F8007785FF /* UIView+.swift in Sources */,
				FF4BF6AF2C2DB39300B6DEB2 /* MyView.swift in Sources */,
				FFCD60C52C2D9E66007785FF /* DotchiUITabBarController.swift in Sources */,
				FFCD608B2C2D98A5007785FF /* ImageCacheManager.swift in Sources */,
				FFCD608D2C2D98B1007785FF /* UserInfo.swift in Sources */,
				FFCD60562C2D9501007785FF /* UIFont+.swift in Sources */,
				FFCD60922C2D98F7007785FF /* LuckyType.swift in Sources */,
				FFCD602C2C21D9F2007785FF /* SceneDelegate.swift in Sources */,
				FFCD60712C2D976E007785FF /* Adjusted+.swift in Sources */,
				FFCD60942C2D990D007785FF /* CardSortType.swift in Sources */,
				FFCD60692C2D9718007785FF /* UIButton+.swift in Sources */,
				FFCD60522C2D9482007785FF /* SplashViewController.swift in Sources */,
				FFCD607B2C2D97D1007785FF /* UITableView+.swift in Sources */,
				FFCD605B2C2D953F007785FF /* BaseViewController.swift in Sources */,
				FFCD607D2C2D97E1007785FF /* UIImage+.swift in Sources */,
				FFCD606B2C2D9728007785FF /* FontManager.swift in Sources */,
				FFCD606F2C2D975A007785FF /* UICollectionView+.swift in Sources */,
				FFCD608F2C2D98BF007785FF /* UserDefaultsManager.swift in Sources */,
				FFCD60852C2D9860007785FF /* ClassNameProtocol.swift in Sources */,
				FFCD60962C2D9915007785FF /* CardHeadType.swift in Sources */,
				FFCD607F2C2D97FB007785FF /* UserDefaults+.swift in Sources */,
				FFCD60772C2D97AA007785FF /* UITextField+.swift in Sources */,
				FFCD60752C2D9792007785FF /* UIStackView+.swift in Sources */,
				FFCD60582C2D9515007785FF /* UIColor+.swift in Sources */,
				FF4BF6A92C2DACCB00B6DEB2 /* MakeDotchiPhotoViewController.swift in Sources */,
			);
			runOnlyForDeploymentPostprocessing = 0;
		};
/* End PBXSourcesBuildPhase section */

/* Begin PBXVariantGroup section */
		FFCD60342C21D9F3007785FF /* LaunchScreen.storyboard */ = {
			isa = PBXVariantGroup;
			children = (
				FFCD60352C21D9F3007785FF /* Base */,
			);
			name = LaunchScreen.storyboard;
			sourceTree = "<group>";
		};
/* End PBXVariantGroup section */

/* Begin XCBuildConfiguration section */
		FFCD60382C21D9F3007785FF /* Debug */ = {
			isa = XCBuildConfiguration;
			buildSettings = {
				ALWAYS_EMBED_SWIFT_STANDARD_LIBRARIES = YES;
				ALWAYS_SEARCH_USER_PATHS = NO;
				ASSETCATALOG_COMPILER_GENERATE_SWIFT_ASSET_SYMBOL_EXTENSIONS = YES;
				CLANG_ANALYZER_NONNULL = YES;
				CLANG_ANALYZER_NUMBER_OBJECT_CONVERSION = YES_AGGRESSIVE;
				CLANG_CXX_LANGUAGE_STANDARD = "gnu++20";
				CLANG_ENABLE_MODULES = YES;
				CLANG_ENABLE_OBJC_ARC = YES;
				CLANG_ENABLE_OBJC_WEAK = YES;
				CLANG_WARN_BLOCK_CAPTURE_AUTORELEASING = YES;
				CLANG_WARN_BOOL_CONVERSION = YES;
				CLANG_WARN_COMMA = YES;
				CLANG_WARN_CONSTANT_CONVERSION = YES;
				CLANG_WARN_DEPRECATED_OBJC_IMPLEMENTATIONS = YES;
				CLANG_WARN_DIRECT_OBJC_ISA_USAGE = YES_ERROR;
				CLANG_WARN_DOCUMENTATION_COMMENTS = YES;
				CLANG_WARN_EMPTY_BODY = YES;
				CLANG_WARN_ENUM_CONVERSION = YES;
				CLANG_WARN_INFINITE_RECURSION = YES;
				CLANG_WARN_INT_CONVERSION = YES;
				CLANG_WARN_NON_LITERAL_NULL_CONVERSION = YES;
				CLANG_WARN_OBJC_IMPLICIT_RETAIN_SELF = YES;
				CLANG_WARN_OBJC_LITERAL_CONVERSION = YES;
				CLANG_WARN_OBJC_ROOT_CLASS = YES_ERROR;
				CLANG_WARN_QUOTED_INCLUDE_IN_FRAMEWORK_HEADER = YES;
				CLANG_WARN_RANGE_LOOP_ANALYSIS = YES;
				CLANG_WARN_STRICT_PROTOTYPES = YES;
				CLANG_WARN_SUSPICIOUS_MOVE = YES;
				CLANG_WARN_UNGUARDED_AVAILABILITY = YES_AGGRESSIVE;
				CLANG_WARN_UNREACHABLE_CODE = YES;
				CLANG_WARN__DUPLICATE_METHOD_MATCH = YES;
				COPY_PHASE_STRIP = NO;
				DEBUG_INFORMATION_FORMAT = dwarf;
				ENABLE_STRICT_OBJC_MSGSEND = YES;
				ENABLE_TESTABILITY = YES;
				ENABLE_USER_SCRIPT_SANDBOXING = YES;
				GCC_C_LANGUAGE_STANDARD = gnu17;
				GCC_DYNAMIC_NO_PIC = NO;
				GCC_NO_COMMON_BLOCKS = YES;
				GCC_OPTIMIZATION_LEVEL = 0;
				GCC_PREPROCESSOR_DEFINITIONS = (
					"DEBUG=1",
					"$(inherited)",
				);
				GCC_WARN_64_TO_32_BIT_CONVERSION = YES;
				GCC_WARN_ABOUT_RETURN_TYPE = YES_ERROR;
				GCC_WARN_UNDECLARED_SELECTOR = YES;
				GCC_WARN_UNINITIALIZED_AUTOS = YES_AGGRESSIVE;
				GCC_WARN_UNUSED_FUNCTION = YES;
				GCC_WARN_UNUSED_VARIABLE = YES;
				IPHONEOS_DEPLOYMENT_TARGET = 17.0;
				LOCALIZATION_PREFERS_STRING_CATALOGS = YES;
				MTL_ENABLE_DEBUG_INFO = INCLUDE_SOURCE;
				MTL_FAST_MATH = YES;
				ONLY_ACTIVE_ARCH = YES;
				SDKROOT = iphoneos;
				SWIFT_ACTIVE_COMPILATION_CONDITIONS = "DEBUG $(inherited)";
				SWIFT_OPTIMIZATION_LEVEL = "-Onone";
			};
			name = Debug;
		};
		FFCD60392C21D9F3007785FF /* Release */ = {
			isa = XCBuildConfiguration;
			buildSettings = {
				ALWAYS_EMBED_SWIFT_STANDARD_LIBRARIES = YES;
				ALWAYS_SEARCH_USER_PATHS = NO;
				ASSETCATALOG_COMPILER_GENERATE_SWIFT_ASSET_SYMBOL_EXTENSIONS = YES;
				CLANG_ANALYZER_NONNULL = YES;
				CLANG_ANALYZER_NUMBER_OBJECT_CONVERSION = YES_AGGRESSIVE;
				CLANG_CXX_LANGUAGE_STANDARD = "gnu++20";
				CLANG_ENABLE_MODULES = YES;
				CLANG_ENABLE_OBJC_ARC = YES;
				CLANG_ENABLE_OBJC_WEAK = YES;
				CLANG_WARN_BLOCK_CAPTURE_AUTORELEASING = YES;
				CLANG_WARN_BOOL_CONVERSION = YES;
				CLANG_WARN_COMMA = YES;
				CLANG_WARN_CONSTANT_CONVERSION = YES;
				CLANG_WARN_DEPRECATED_OBJC_IMPLEMENTATIONS = YES;
				CLANG_WARN_DIRECT_OBJC_ISA_USAGE = YES_ERROR;
				CLANG_WARN_DOCUMENTATION_COMMENTS = YES;
				CLANG_WARN_EMPTY_BODY = YES;
				CLANG_WARN_ENUM_CONVERSION = YES;
				CLANG_WARN_INFINITE_RECURSION = YES;
				CLANG_WARN_INT_CONVERSION = YES;
				CLANG_WARN_NON_LITERAL_NULL_CONVERSION = YES;
				CLANG_WARN_OBJC_IMPLICIT_RETAIN_SELF = YES;
				CLANG_WARN_OBJC_LITERAL_CONVERSION = YES;
				CLANG_WARN_OBJC_ROOT_CLASS = YES_ERROR;
				CLANG_WARN_QUOTED_INCLUDE_IN_FRAMEWORK_HEADER = YES;
				CLANG_WARN_RANGE_LOOP_ANALYSIS = YES;
				CLANG_WARN_STRICT_PROTOTYPES = YES;
				CLANG_WARN_SUSPICIOUS_MOVE = YES;
				CLANG_WARN_UNGUARDED_AVAILABILITY = YES_AGGRESSIVE;
				CLANG_WARN_UNREACHABLE_CODE = YES;
				CLANG_WARN__DUPLICATE_METHOD_MATCH = YES;
				COPY_PHASE_STRIP = NO;
				DEBUG_INFORMATION_FORMAT = "dwarf-with-dsym";
				ENABLE_NS_ASSERTIONS = NO;
				ENABLE_STRICT_OBJC_MSGSEND = YES;
				ENABLE_USER_SCRIPT_SANDBOXING = YES;
				GCC_C_LANGUAGE_STANDARD = gnu17;
				GCC_NO_COMMON_BLOCKS = YES;
				GCC_WARN_64_TO_32_BIT_CONVERSION = YES;
				GCC_WARN_ABOUT_RETURN_TYPE = YES_ERROR;
				GCC_WARN_UNDECLARED_SELECTOR = YES;
				GCC_WARN_UNINITIALIZED_AUTOS = YES_AGGRESSIVE;
				GCC_WARN_UNUSED_FUNCTION = YES;
				GCC_WARN_UNUSED_VARIABLE = YES;
				IPHONEOS_DEPLOYMENT_TARGET = 17.0;
				LOCALIZATION_PREFERS_STRING_CATALOGS = YES;
				MTL_ENABLE_DEBUG_INFO = NO;
				MTL_FAST_MATH = YES;
				SDKROOT = iphoneos;
				SWIFT_COMPILATION_MODE = wholemodule;
				VALIDATE_PRODUCT = YES;
			};
			name = Release;
		};
		FFCD603B2C21D9F3007785FF /* Debug */ = {
			isa = XCBuildConfiguration;
			buildSettings = {
				ASSETCATALOG_COMPILER_APPICON_NAME = AppIcon;
				ASSETCATALOG_COMPILER_GLOBAL_ACCENT_COLOR_NAME = AccentColor;
				CODE_SIGN_STYLE = Automatic;
				CURRENT_PROJECT_VERSION = 1;
				DEVELOPMENT_TEAM = N4RT4KGQK9;
				GENERATE_INFOPLIST_FILE = YES;
				INFOPLIST_FILE = DOTCHI/Info.plist;
				INFOPLIST_KEY_CFBundleDisplayName = DOTCHI;
				INFOPLIST_KEY_UIApplicationSupportsIndirectInputEvents = YES;
				INFOPLIST_KEY_UILaunchStoryboardName = LaunchScreen.storyboard;
				INFOPLIST_KEY_UISupportedInterfaceOrientations = UIInterfaceOrientationPortrait;
				INFOPLIST_KEY_UISupportedInterfaceOrientations_iPad = "UIInterfaceOrientationLandscapeLeft UIInterfaceOrientationLandscapeRight UIInterfaceOrientationPortrait UIInterfaceOrientationPortraitUpsideDown";
				LD_RUNPATH_SEARCH_PATHS = (
					"$(inherited)",
					"@executable_path/Frameworks",
				);
				MARKETING_VERSION = 1.0;
				PRODUCT_BUNDLE_IDENTIFIER = com.madilyn.DOTCHI;
				PRODUCT_NAME = "$(TARGET_NAME)";
				SUPPORTED_PLATFORMS = "iphoneos iphonesimulator";
				SUPPORTS_MACCATALYST = NO;
				SWIFT_EMIT_LOC_STRINGS = YES;
				SWIFT_VERSION = 5.0;
				TARGETED_DEVICE_FAMILY = 1;
			};
			name = Debug;
		};
		FFCD603C2C21D9F3007785FF /* Release */ = {
			isa = XCBuildConfiguration;
			buildSettings = {
				ASSETCATALOG_COMPILER_APPICON_NAME = AppIcon;
				ASSETCATALOG_COMPILER_GLOBAL_ACCENT_COLOR_NAME = AccentColor;
				CODE_SIGN_STYLE = Automatic;
				CURRENT_PROJECT_VERSION = 1;
				DEVELOPMENT_TEAM = N4RT4KGQK9;
				GENERATE_INFOPLIST_FILE = YES;
				INFOPLIST_FILE = DOTCHI/Info.plist;
				INFOPLIST_KEY_CFBundleDisplayName = DOTCHI;
				INFOPLIST_KEY_UIApplicationSupportsIndirectInputEvents = YES;
				INFOPLIST_KEY_UILaunchStoryboardName = LaunchScreen.storyboard;
				INFOPLIST_KEY_UISupportedInterfaceOrientations = UIInterfaceOrientationPortrait;
				INFOPLIST_KEY_UISupportedInterfaceOrientations_iPad = "UIInterfaceOrientationLandscapeLeft UIInterfaceOrientationLandscapeRight UIInterfaceOrientationPortrait UIInterfaceOrientationPortraitUpsideDown";
				LD_RUNPATH_SEARCH_PATHS = (
					"$(inherited)",
					"@executable_path/Frameworks",
				);
				MARKETING_VERSION = 1.0;
				PRODUCT_BUNDLE_IDENTIFIER = com.madilyn.DOTCHI;
				PRODUCT_NAME = "$(TARGET_NAME)";
				SUPPORTED_PLATFORMS = "iphoneos iphonesimulator";
				SUPPORTS_MACCATALYST = NO;
				SWIFT_EMIT_LOC_STRINGS = YES;
				SWIFT_VERSION = 5.0;
				TARGETED_DEVICE_FAMILY = 1;
			};
			name = Release;
		};
/* End XCBuildConfiguration section */

/* Begin XCConfigurationList section */
		FFCD60212C21D9F2007785FF /* Build configuration list for PBXProject "DOTCHI" */ = {
			isa = XCConfigurationList;
			buildConfigurations = (
				FFCD60382C21D9F3007785FF /* Debug */,
				FFCD60392C21D9F3007785FF /* Release */,
			);
			defaultConfigurationIsVisible = 0;
			defaultConfigurationName = Release;
		};
		FFCD603A2C21D9F3007785FF /* Build configuration list for PBXNativeTarget "DOTCHI" */ = {
			isa = XCConfigurationList;
			buildConfigurations = (
				FFCD603B2C21D9F3007785FF /* Debug */,
				FFCD603C2C21D9F3007785FF /* Release */,
			);
			defaultConfigurationIsVisible = 0;
			defaultConfigurationName = Release;
		};
/* End XCConfigurationList section */

/* Begin XCRemoteSwiftPackageReference section */
		FF4BF6AA2C2DB15500B6DEB2 /* XCRemoteSwiftPackageReference "SnapKit" */ = {
			isa = XCRemoteSwiftPackageReference;
			repositoryURL = "https://github.com/SnapKit/SnapKit.git";
			requirement = {
				kind = upToNextMajorVersion;
				minimumVersion = 5.7.1;
			};
		};
		FFCD60B02C2D9AA7007785FF /* XCRemoteSwiftPackageReference "RxGesture" */ = {
			isa = XCRemoteSwiftPackageReference;
			repositoryURL = "https://github.com/RxSwiftCommunity/RxGesture.git";
			requirement = {
				kind = upToNextMajorVersion;
				minimumVersion = 4.0.4;
			};
		};
		FFCD60B32C2D9B10007785FF /* XCRemoteSwiftPackageReference "keychain-swift" */ = {
			isa = XCRemoteSwiftPackageReference;
			repositoryURL = "https://github.com/evgenyneu/keychain-swift.git";
			requirement = {
				kind = upToNextMajorVersion;
				minimumVersion = 24.0.0;
			};
		};
		FFCD60B62C2D9B29007785FF /* XCRemoteSwiftPackageReference "Moya" */ = {
			isa = XCRemoteSwiftPackageReference;
			repositoryURL = "https://github.com/Moya/Moya.git";
			requirement = {
				kind = upToNextMajorVersion;
				minimumVersion = 15.0.3;
			};
		};
		FFCD60BF2C2D9DBC007785FF /* XCRemoteSwiftPackageReference "lottie-spm" */ = {
			isa = XCRemoteSwiftPackageReference;
			repositoryURL = "https://github.com/airbnb/lottie-spm.git";
			requirement = {
				kind = upToNextMajorVersion;
				minimumVersion = 4.4.3;
			};
		};
/* End XCRemoteSwiftPackageReference section */

/* Begin XCSwiftPackageProductDependency section */
		FF4BF6AB2C2DB15500B6DEB2 /* SnapKit */ = {
			isa = XCSwiftPackageProductDependency;
			package = FF4BF6AA2C2DB15500B6DEB2 /* XCRemoteSwiftPackageReference "SnapKit" */;
			productName = SnapKit;
		};
		FFCD60B12C2D9AA7007785FF /* RxGesture */ = {
			isa = XCSwiftPackageProductDependency;
			package = FFCD60B02C2D9AA7007785FF /* XCRemoteSwiftPackageReference "RxGesture" */;
			productName = RxGesture;
		};
		FFCD60B42C2D9B10007785FF /* KeychainSwift */ = {
			isa = XCSwiftPackageProductDependency;
			package = FFCD60B32C2D9B10007785FF /* XCRemoteSwiftPackageReference "keychain-swift" */;
			productName = KeychainSwift;
		};
		FFCD60B72C2D9B29007785FF /* CombineMoya */ = {
			isa = XCSwiftPackageProductDependency;
			package = FFCD60B62C2D9B29007785FF /* XCRemoteSwiftPackageReference "Moya" */;
			productName = CombineMoya;
		};
		FFCD60B92C2D9B29007785FF /* Moya */ = {
			isa = XCSwiftPackageProductDependency;
			package = FFCD60B62C2D9B29007785FF /* XCRemoteSwiftPackageReference "Moya" */;
			productName = Moya;
		};
		FFCD60BB2C2D9B29007785FF /* ReactiveMoya */ = {
			isa = XCSwiftPackageProductDependency;
			package = FFCD60B62C2D9B29007785FF /* XCRemoteSwiftPackageReference "Moya" */;
			productName = ReactiveMoya;
		};
		FFCD60BD2C2D9B29007785FF /* RxMoya */ = {
			isa = XCSwiftPackageProductDependency;
			package = FFCD60B62C2D9B29007785FF /* XCRemoteSwiftPackageReference "Moya" */;
			productName = RxMoya;
		};
		FFCD60C02C2D9DBC007785FF /* Lottie */ = {
			isa = XCSwiftPackageProductDependency;
			package = FFCD60BF2C2D9DBC007785FF /* XCRemoteSwiftPackageReference "lottie-spm" */;
			productName = Lottie;
		};
/* End XCSwiftPackageProductDependency section */
	};
	rootObject = FFCD601E2C21D9F2007785FF /* Project object */;
}
