// !$*UTF8*$!
{
	archiveVersion = 1;
	classes = {
	};
	objectVersion = 56;
	objects = {

/* Begin PBXBuildFile section */
		1E3A1E5F2C71EE740096708D /* EditUserResponseDTO.swift in Sources */ = {isa = PBXBuildFile; fileRef = 1E3A1E5E2C71EE740096708D /* EditUserResponseDTO.swift */; };
		1E3A1E612C71EEA50096708D /* EditUserRequestDTO.swift in Sources */ = {isa = PBXBuildFile; fileRef = 1E3A1E602C71EEA50096708D /* EditUserRequestDTO.swift */; };
		1E3A1E632C7422580096708D /* EditAccountInfoViewController.swift in Sources */ = {isa = PBXBuildFile; fileRef = 1E3A1E622C7422580096708D /* EditAccountInfoViewController.swift */; };
		1E9727462C3C3C6F00252CA6 /* SettingViewController.swift in Sources */ = {isa = PBXBuildFile; fileRef = 1E9727452C3C3C6F00252CA6 /* SettingViewController.swift */; };
		1E97274A2C3DA24100252CA6 /* EditProfileViewController.swift in Sources */ = {isa = PBXBuildFile; fileRef = 1E9727492C3DA24100252CA6 /* EditProfileViewController.swift */; };
		1E9727582C43924F00252CA6 /* UserRouter.swift in Sources */ = {isa = PBXBuildFile; fileRef = 1E9727572C43924F00252CA6 /* UserRouter.swift */; };
		1E97275C2C43986B00252CA6 /* UserResponseDTO.swift in Sources */ = {isa = PBXBuildFile; fileRef = 1E97275B2C43986B00252CA6 /* UserResponseDTO.swift */; };
		1E97275E2C43996D00252CA6 /* UserService.swift in Sources */ = {isa = PBXBuildFile; fileRef = 1E97275D2C43996D00252CA6 /* UserService.swift */; };
		1E9727602C43AE2D00252CA6 /* MyCardResponseDTO.swift in Sources */ = {isa = PBXBuildFile; fileRef = 1E97275F2C43AE2D00252CA6 /* MyCardResponseDTO.swift */; };
		1E9727622C44F62000252CA6 /* BlacklistViewController.swift in Sources */ = {isa = PBXBuildFile; fileRef = 1E9727612C44F62000252CA6 /* BlacklistViewController.swift */; };
		1E9727652C44FCA600252CA6 /* BlacklistResponseDTO.swift in Sources */ = {isa = PBXBuildFile; fileRef = 1E9727642C44FCA600252CA6 /* BlacklistResponseDTO.swift */; };
		1ED0A9262C80F44400D78F4E /* ChangePasswordViewController.swift in Sources */ = {isa = PBXBuildFile; fileRef = 1ED0A9252C80F44400D78F4E /* ChangePasswordViewController.swift */; };
		1ED0A92E2C8CC92500D78F4E /* PasswordTextField.swift in Sources */ = {isa = PBXBuildFile; fileRef = 1ED0A92D2C8CC92500D78F4E /* PasswordTextField.swift */; };
		FF328DC52C4D4DA300007CD5 /* DotchiNavigationView.swift in Sources */ = {isa = PBXBuildFile; fileRef = FF328DC42C4D4DA300007CD5 /* DotchiNavigationView.swift */; };
		FF328DC72C4D6FBC00007CD5 /* ProgressBarView.swift in Sources */ = {isa = PBXBuildFile; fileRef = FF328DC62C4D6FBC00007CD5 /* ProgressBarView.swift */; };
		FF328DC92C5A25A500007CD5 /* SignupTextField.swift in Sources */ = {isa = PBXBuildFile; fileRef = FF328DC82C5A25A500007CD5 /* SignupTextField.swift */; };
		FF328DCB2C5A280500007CD5 /* IconButton.swift in Sources */ = {isa = PBXBuildFile; fileRef = FF328DCA2C5A280500007CD5 /* IconButton.swift */; };
		FF3344702C8D86F8002F2640 /* HomeRankDotchiImageView.swift in Sources */ = {isa = PBXBuildFile; fileRef = FF33446F2C8D86F8002F2640 /* HomeRankDotchiImageView.swift */; };
		FF3344722C8DA2DF002F2640 /* HomeNicknameView.swift in Sources */ = {isa = PBXBuildFile; fileRef = FF3344712C8DA2DF002F2640 /* HomeNicknameView.swift */; };
		FF3344742C8E6844002F2640 /* HomeDiscoverView.swift in Sources */ = {isa = PBXBuildFile; fileRef = FF3344732C8E6844002F2640 /* HomeDiscoverView.swift */; };
		FF4BF6A92C2DACCB00B6DEB2 /* MakeDotchiPhotoViewController.swift in Sources */ = {isa = PBXBuildFile; fileRef = FF4BF6A82C2DACCB00B6DEB2 /* MakeDotchiPhotoViewController.swift */; };
		FF4BF6AC2C2DB15500B6DEB2 /* SnapKit in Frameworks */ = {isa = PBXBuildFile; productRef = FF4BF6AB2C2DB15500B6DEB2 /* SnapKit */; };
		FF4BF6AF2C2DB39300B6DEB2 /* MyViewController.swift in Sources */ = {isa = PBXBuildFile; fileRef = FF4BF6AE2C2DB39300B6DEB2 /* MyViewController.swift */; };
		FF4BF6B22C2DB63900B6DEB2 /* CardEntity.swift in Sources */ = {isa = PBXBuildFile; fileRef = FF4BF6B12C2DB63900B6DEB2 /* CardEntity.swift */; };
		FF4BF6B42C2DB64A00B6DEB2 /* CardUserEntity.swift in Sources */ = {isa = PBXBuildFile; fileRef = FF4BF6B32C2DB64A00B6DEB2 /* CardUserEntity.swift */; };
		FF4BF6B62C2DB65B00B6DEB2 /* CardFrontEntity.swift in Sources */ = {isa = PBXBuildFile; fileRef = FF4BF6B52C2DB65B00B6DEB2 /* CardFrontEntity.swift */; };
		FF4BF6B82C2DB66F00B6DEB2 /* MakeDotchiEntity.swift in Sources */ = {isa = PBXBuildFile; fileRef = FF4BF6B72C2DB66F00B6DEB2 /* MakeDotchiEntity.swift */; };
		FF4BF6BA2C2DB68000B6DEB2 /* CommentEntity.swift in Sources */ = {isa = PBXBuildFile; fileRef = FF4BF6B92C2DB68000B6DEB2 /* CommentEntity.swift */; };
		FF4BF6BC2C2DB69300B6DEB2 /* CardBackEntity.swift in Sources */ = {isa = PBXBuildFile; fileRef = FF4BF6BB2C2DB69300B6DEB2 /* CardBackEntity.swift */; };
		FF4BF6BF2C2DB6F900B6DEB2 /* NetworkLoggerPlugin.swift in Sources */ = {isa = PBXBuildFile; fileRef = FF4BF6BE2C2DB6F900B6DEB2 /* NetworkLoggerPlugin.swift */; };
		FF4BF6C22C2DB72700B6DEB2 /* APIConstants.swift in Sources */ = {isa = PBXBuildFile; fileRef = FF4BF6C12C2DB72700B6DEB2 /* APIConstants.swift */; };
		FF6230382C9F36A9002029A6 /* CardRouter.swift in Sources */ = {isa = PBXBuildFile; fileRef = FF6230372C9F36A0002029A6 /* CardRouter.swift */; };
		FF62303A2C9FCD9E002029A6 /* CardService.swift in Sources */ = {isa = PBXBuildFile; fileRef = FF6230392C9FCD96002029A6 /* CardService.swift */; };
		FF62303E2C9FE41A002029A6 /* CardListResponseDTO.swift in Sources */ = {isa = PBXBuildFile; fileRef = FF62303D2C9FE404002029A6 /* CardListResponseDTO.swift */; };
		FF843BDF2C7A4967007B14A8 /* PlaceholderTextView.swift in Sources */ = {isa = PBXBuildFile; fileRef = FF843BDE2C7A4967007B14A8 /* PlaceholderTextView.swift */; };
		FFB7F9B62C5A396F00650238 /* WarningLabel.swift in Sources */ = {isa = PBXBuildFile; fileRef = FFB7F9B52C5A396F00650238 /* WarningLabel.swift */; };
		FFB7F9B82C5A42E700650238 /* TermsLabel.swift in Sources */ = {isa = PBXBuildFile; fileRef = FFB7F9B72C5A42E700650238 /* TermsLabel.swift */; };
		FFB7F9BA2C5A430700650238 /* UITapGestureRecognizer+.swift in Sources */ = {isa = PBXBuildFile; fileRef = FFB7F9B92C5A430700650238 /* UITapGestureRecognizer+.swift */; };
		FFB7F9BD2C5BE35900650238 /* SignupRequestDTO.swift in Sources */ = {isa = PBXBuildFile; fileRef = FFB7F9BC2C5BE35900650238 /* SignupRequestDTO.swift */; };
		FFC7BB6E2C345EBC000EA7B5 /* SigninViewController.swift in Sources */ = {isa = PBXBuildFile; fileRef = FFC7BB6D2C345EBC000EA7B5 /* SigninViewController.swift */; };
		FFC7BB702C3460BF000EA7B5 /* HomeViewController.swift in Sources */ = {isa = PBXBuildFile; fileRef = FFC7BB6F2C3460BF000EA7B5 /* HomeViewController.swift */; };
		FFC7BB732C35A770000EA7B5 /* TextUnderlineButtonView.swift in Sources */ = {isa = PBXBuildFile; fileRef = FFC7BB722C35A770000EA7B5 /* TextUnderlineButtonView.swift */; };
		FFC7BB762C35ADD4000EA7B5 /* SigninTextField.swift in Sources */ = {isa = PBXBuildFile; fileRef = FFC7BB752C35ADD4000EA7B5 /* SigninTextField.swift */; };
		FFC7BB792C35B905000EA7B5 /* IQKeyboardManagerSwift in Frameworks */ = {isa = PBXBuildFile; productRef = FFC7BB782C35B905000EA7B5 /* IQKeyboardManagerSwift */; };
		FFC7BB7B2C35BA89000EA7B5 /* DoneButton.swift in Sources */ = {isa = PBXBuildFile; fileRef = FFC7BB7A2C35BA89000EA7B5 /* DoneButton.swift */; };
		FFC7BB7E2C3D8A38000EA7B5 /* SignupUserInfoViewController.swift in Sources */ = {isa = PBXBuildFile; fileRef = FFC7BB7D2C3D8A38000EA7B5 /* SignupUserInfoViewController.swift */; };
		FFC7BB802C3D8D62000EA7B5 /* AppInfo.swift in Sources */ = {isa = PBXBuildFile; fileRef = FFC7BB7F2C3D8D62000EA7B5 /* AppInfo.swift */; };
		FFC7BB852C3D943E000EA7B5 /* BaseResponseType.swift in Sources */ = {isa = PBXBuildFile; fileRef = FFC7BB842C3D943E000EA7B5 /* BaseResponseType.swift */; };
		FFC7BB872C3D9562000EA7B5 /* DotchiMoyaProvider.swift in Sources */ = {isa = PBXBuildFile; fileRef = FFC7BB862C3D9562000EA7B5 /* DotchiMoyaProvider.swift */; };
		FFC7BB892C3D956F000EA7B5 /* NetworkResult.swift in Sources */ = {isa = PBXBuildFile; fileRef = FFC7BB882C3D956F000EA7B5 /* NetworkResult.swift */; };
		FFC7BB8B2C3D95BA000EA7B5 /* BaseService.swift in Sources */ = {isa = PBXBuildFile; fileRef = FFC7BB8A2C3D95BA000EA7B5 /* BaseService.swift */; };
		FFC7BB8D2C3EDF95000EA7B5 /* AuthService.swift in Sources */ = {isa = PBXBuildFile; fileRef = FFC7BB8C2C3EDF95000EA7B5 /* AuthService.swift */; };
		FFC7BB902C3EDFAC000EA7B5 /* SigninRequestDTO.swift in Sources */ = {isa = PBXBuildFile; fileRef = FFC7BB8F2C3EDFAC000EA7B5 /* SigninRequestDTO.swift */; };
		FFC7BB922C3EDFCB000EA7B5 /* AuthRouter.swift in Sources */ = {isa = PBXBuildFile; fileRef = FFC7BB912C3EDFCB000EA7B5 /* AuthRouter.swift */; };
		FFC7BB962C3EE055000EA7B5 /* ServiceEnvironment.swift in Sources */ = {isa = PBXBuildFile; fileRef = FFC7BB952C3EE055000EA7B5 /* ServiceEnvironment.swift */; };
		FFC7BB9D2C3EE151000EA7B5 /* SigninResponseDTO.swift in Sources */ = {isa = PBXBuildFile; fileRef = FFC7BB9C2C3EE151000EA7B5 /* SigninResponseDTO.swift */; };
		FFC7BB9F2C457616000EA7B5 /* SignupNicknameViewController.swift in Sources */ = {isa = PBXBuildFile; fileRef = FFC7BB9E2C457616000EA7B5 /* SignupNicknameViewController.swift */; };
		FFC7BBA12C45764E000EA7B5 /* SignupIntroduceViewController.swift in Sources */ = {isa = PBXBuildFile; fileRef = FFC7BBA02C45764E000EA7B5 /* SignupIntroduceViewController.swift */; };
		FFC7BBA32C45765A000EA7B5 /* SignupProfileImageViewController.swift in Sources */ = {isa = PBXBuildFile; fileRef = FFC7BBA22C45765A000EA7B5 /* SignupProfileImageViewController.swift */; };
		FFC7BBA52C45766D000EA7B5 /* SignupCompleteViewController.swift in Sources */ = {isa = PBXBuildFile; fileRef = FFC7BBA42C45766D000EA7B5 /* SignupCompleteViewController.swift */; };
		FFCB11F82C9AED1600892966 /* MoreButton.swift in Sources */ = {isa = PBXBuildFile; fileRef = FFCB11F72C9AED1600892966 /* MoreButton.swift */; };
		FFCB11FB2C9E5AFC00892966 /* DotchiSmallCardCollectionViewCell.swift in Sources */ = {isa = PBXBuildFile; fileRef = FFCB11FA2C9E5AFC00892966 /* DotchiSmallCardCollectionViewCell.swift */; };
		FFCD602A2C21D9F2007785FF /* AppDelegate.swift in Sources */ = {isa = PBXBuildFile; fileRef = FFCD60292C21D9F2007785FF /* AppDelegate.swift */; };
		FFCD602C2C21D9F2007785FF /* SceneDelegate.swift in Sources */ = {isa = PBXBuildFile; fileRef = FFCD602B2C21D9F2007785FF /* SceneDelegate.swift */; };
		FFCD60362C21D9F3007785FF /* LaunchScreen.storyboard in Resources */ = {isa = PBXBuildFile; fileRef = FFCD60342C21D9F3007785FF /* LaunchScreen.storyboard */; };
		FFCD60442C2D9195007785FF /* Pretendard-SemiBold.ttf in Resources */ = {isa = PBXBuildFile; fileRef = FFCD60402C2D9195007785FF /* Pretendard-SemiBold.ttf */; };
		FFCD60452C2D9195007785FF /* Pretendard-ExtraBold.ttf in Resources */ = {isa = PBXBuildFile; fileRef = FFCD60412C2D9195007785FF /* Pretendard-ExtraBold.ttf */; };
		FFCD60462C2D9195007785FF /* Pretendard-Bold.ttf in Resources */ = {isa = PBXBuildFile; fileRef = FFCD60422C2D9195007785FF /* Pretendard-Bold.ttf */; };
		FFCD60472C2D9195007785FF /* Pretendard-Medium.ttf in Resources */ = {isa = PBXBuildFile; fileRef = FFCD60432C2D9195007785FF /* Pretendard-Medium.ttf */; };
		FFCD604A2C2D9290007785FF /* Assets.xcassets in Resources */ = {isa = PBXBuildFile; fileRef = FFCD60482C2D9290007785FF /* Assets.xcassets */; };
		FFCD604B2C2D9290007785FF /* Colorsets.xcassets in Resources */ = {isa = PBXBuildFile; fileRef = FFCD60492C2D9290007785FF /* Colorsets.xcassets */; };
		FFCD60522C2D9482007785FF /* SplashViewController.swift in Sources */ = {isa = PBXBuildFile; fileRef = FFCD60512C2D9482007785FF /* SplashViewController.swift */; };
		FFCD60562C2D9501007785FF /* UIFont+.swift in Sources */ = {isa = PBXBuildFile; fileRef = FFCD60552C2D9501007785FF /* UIFont+.swift */; };
		FFCD60582C2D9515007785FF /* UIColor+.swift in Sources */ = {isa = PBXBuildFile; fileRef = FFCD60572C2D9515007785FF /* UIColor+.swift */; };
		FFCD605B2C2D953F007785FF /* BaseViewController.swift in Sources */ = {isa = PBXBuildFile; fileRef = FFCD605A2C2D953F007785FF /* BaseViewController.swift */; };
		FFCD60622C2D95AA007785FF /* BaseUINavigationController.swift in Sources */ = {isa = PBXBuildFile; fileRef = FFCD60612C2D95AA007785FF /* BaseUINavigationController.swift */; };
		FFCD60652C2D96D8007785FF /* UIViewController+.swift in Sources */ = {isa = PBXBuildFile; fileRef = FFCD60642C2D96D8007785FF /* UIViewController+.swift */; };
		FFCD60672C2D96F8007785FF /* UIView+.swift in Sources */ = {isa = PBXBuildFile; fileRef = FFCD60662C2D96F8007785FF /* UIView+.swift */; };
		FFCD60692C2D9718007785FF /* UIButton+.swift in Sources */ = {isa = PBXBuildFile; fileRef = FFCD60682C2D9718007785FF /* UIButton+.swift */; };
		FFCD606D2C2D9742007785FF /* UILabel+.swift in Sources */ = {isa = PBXBuildFile; fileRef = FFCD606C2C2D9742007785FF /* UILabel+.swift */; };
		FFCD606F2C2D975A007785FF /* UICollectionView+.swift in Sources */ = {isa = PBXBuildFile; fileRef = FFCD606E2C2D975A007785FF /* UICollectionView+.swift */; };
		FFCD60712C2D976E007785FF /* Adjusted+.swift in Sources */ = {isa = PBXBuildFile; fileRef = FFCD60702C2D976E007785FF /* Adjusted+.swift */; };
		FFCD60732C2D977F007785FF /* UIImageView+.swift in Sources */ = {isa = PBXBuildFile; fileRef = FFCD60722C2D977F007785FF /* UIImageView+.swift */; };
		FFCD60752C2D9792007785FF /* UIStackView+.swift in Sources */ = {isa = PBXBuildFile; fileRef = FFCD60742C2D9792007785FF /* UIStackView+.swift */; };
		FFCD60772C2D97AA007785FF /* UITextField+.swift in Sources */ = {isa = PBXBuildFile; fileRef = FFCD60762C2D97AA007785FF /* UITextField+.swift */; };
		FFCD60792C2D97C3007785FF /* String+.swift in Sources */ = {isa = PBXBuildFile; fileRef = FFCD60782C2D97C3007785FF /* String+.swift */; };
		FFCD607B2C2D97D1007785FF /* UITableView+.swift in Sources */ = {isa = PBXBuildFile; fileRef = FFCD607A2C2D97D1007785FF /* UITableView+.swift */; };
		FFCD607D2C2D97E1007785FF /* UIImage+.swift in Sources */ = {isa = PBXBuildFile; fileRef = FFCD607C2C2D97E1007785FF /* UIImage+.swift */; };
		FFCD607F2C2D97FB007785FF /* UserDefaults+.swift in Sources */ = {isa = PBXBuildFile; fileRef = FFCD607E2C2D97FB007785FF /* UserDefaults+.swift */; };
		FFCD60812C2D980F007785FF /* UINavigationController+.swift in Sources */ = {isa = PBXBuildFile; fileRef = FFCD60802C2D980F007785FF /* UINavigationController+.swift */; };
		FFCD60832C2D9832007785FF /* Encodable+.swift in Sources */ = {isa = PBXBuildFile; fileRef = FFCD60822C2D9832007785FF /* Encodable+.swift */; };
		FFCD60852C2D9860007785FF /* ClassNameProtocol.swift in Sources */ = {isa = PBXBuildFile; fileRef = FFCD60842C2D9860007785FF /* ClassNameProtocol.swift */; };
		FFCD60882C2D9884007785FF /* UIViewControllerToSwiftUI.swift in Sources */ = {isa = PBXBuildFile; fileRef = FFCD60872C2D9884007785FF /* UIViewControllerToSwiftUI.swift */; };
		FFCD608B2C2D98A5007785FF /* ImageCacheManager.swift in Sources */ = {isa = PBXBuildFile; fileRef = FFCD608A2C2D98A5007785FF /* ImageCacheManager.swift */; };
		FFCD608D2C2D98B1007785FF /* UserInfo.swift in Sources */ = {isa = PBXBuildFile; fileRef = FFCD608C2C2D98B1007785FF /* UserInfo.swift */; };
		FFCD608F2C2D98BF007785FF /* UserDefaultsManager.swift in Sources */ = {isa = PBXBuildFile; fileRef = FFCD608E2C2D98BF007785FF /* UserDefaultsManager.swift */; };
		FFCD60922C2D98F7007785FF /* LuckyType.swift in Sources */ = {isa = PBXBuildFile; fileRef = FFCD60912C2D98F7007785FF /* LuckyType.swift */; };
		FFCD60942C2D990D007785FF /* CardSortType.swift in Sources */ = {isa = PBXBuildFile; fileRef = FFCD60932C2D990D007785FF /* CardSortType.swift */; };
		FFCD60962C2D9915007785FF /* CardHeadType.swift in Sources */ = {isa = PBXBuildFile; fileRef = FFCD60952C2D9915007785FF /* CardHeadType.swift */; };
		FFCD60982C2D991A007785FF /* Messages.swift in Sources */ = {isa = PBXBuildFile; fileRef = FFCD60972C2D991A007785FF /* Messages.swift */; };
		FFCD609A2C2D9920007785FF /* KeychainKeys.swift in Sources */ = {isa = PBXBuildFile; fileRef = FFCD60992C2D9920007785FF /* KeychainKeys.swift */; };
		FFCD60B22C2D9AA7007785FF /* RxGesture in Frameworks */ = {isa = PBXBuildFile; productRef = FFCD60B12C2D9AA7007785FF /* RxGesture */; };
		FFCD60B52C2D9B10007785FF /* KeychainSwift in Frameworks */ = {isa = PBXBuildFile; productRef = FFCD60B42C2D9B10007785FF /* KeychainSwift */; };
		FFCD60B82C2D9B29007785FF /* CombineMoya in Frameworks */ = {isa = PBXBuildFile; productRef = FFCD60B72C2D9B29007785FF /* CombineMoya */; };
		FFCD60BA2C2D9B29007785FF /* Moya in Frameworks */ = {isa = PBXBuildFile; productRef = FFCD60B92C2D9B29007785FF /* Moya */; };
		FFCD60BC2C2D9B29007785FF /* ReactiveMoya in Frameworks */ = {isa = PBXBuildFile; productRef = FFCD60BB2C2D9B29007785FF /* ReactiveMoya */; };
		FFCD60BE2C2D9B29007785FF /* RxMoya in Frameworks */ = {isa = PBXBuildFile; productRef = FFCD60BD2C2D9B29007785FF /* RxMoya */; };
		FFCD60C12C2D9DBC007785FF /* Lottie in Frameworks */ = {isa = PBXBuildFile; productRef = FFCD60C02C2D9DBC007785FF /* Lottie */; };
		FFCD60C52C2D9E66007785FF /* DotchiTabBarController.swift in Sources */ = {isa = PBXBuildFile; fileRef = FFCD60C42C2D9E66007785FF /* DotchiTabBarController.swift */; };
		FFDAE3312CA0762D00509227 /* HomeThemeView.swift in Sources */ = {isa = PBXBuildFile; fileRef = FFDAE3302CA0762800509227 /* HomeThemeView.swift */; };
		FFDAE3332CA0790000509227 /* HomeThemeButtonView.swift in Sources */ = {isa = PBXBuildFile; fileRef = FFDAE3322CA078F300509227 /* HomeThemeButtonView.swift */; };
		FFDAE3372CA8826000509227 /* MakeDotchiLuckyTitleView.swift in Sources */ = {isa = PBXBuildFile; fileRef = FFDAE3362CA8826000509227 /* MakeDotchiLuckyTitleView.swift */; };
		FFDAE3392CA885DF00509227 /* MakeDotchiCollectionViewCell.swift in Sources */ = {isa = PBXBuildFile; fileRef = FFDAE3382CA885DF00509227 /* MakeDotchiCollectionViewCell.swift */; };
		FFDAE33B2CA8860100509227 /* LoadPhotoView.swift in Sources */ = {isa = PBXBuildFile; fileRef = FFDAE33A2CA8860100509227 /* LoadPhotoView.swift */; };
		FFDAE33D2CA886CF00509227 /* Int+.swift in Sources */ = {isa = PBXBuildFile; fileRef = FFDAE33C2CA886CD00509227 /* Int+.swift */; };
		FFDAE33F2CA8880B00509227 /* MakeDotchiContentViewController.swift in Sources */ = {isa = PBXBuildFile; fileRef = FFDAE33E2CA8880B00509227 /* MakeDotchiContentViewController.swift */; };
		FFFB88872C7B216A00ACB0C6 /* SignupEntity.swift in Sources */ = {isa = PBXBuildFile; fileRef = FFFB88862C7B216A00ACB0C6 /* SignupEntity.swift */; };
		FFFB88892C7E1BA100ACB0C6 /* SignupResponseDTO.swift in Sources */ = {isa = PBXBuildFile; fileRef = FFFB88882C7E1BA100ACB0C6 /* SignupResponseDTO.swift */; };
		FFFB888D2C7F79C500ACB0C6 /* HomeTodayView.swift in Sources */ = {isa = PBXBuildFile; fileRef = FFFB888C2C7F79C500ACB0C6 /* HomeTodayView.swift */; };
		FFFB88922C875E6200ACB0C6 /* pung.json in Resources */ = {isa = PBXBuildFile; fileRef = FFFB88912C875E6200ACB0C6 /* pung.json */; };
/* End PBXBuildFile section */

/* Begin PBXFileReference section */
		1E3A1E5E2C71EE740096708D /* EditUserResponseDTO.swift */ = {isa = PBXFileReference; lastKnownFileType = sourcecode.swift; path = EditUserResponseDTO.swift; sourceTree = "<group>"; };
		1E3A1E602C71EEA50096708D /* EditUserRequestDTO.swift */ = {isa = PBXFileReference; lastKnownFileType = sourcecode.swift; path = EditUserRequestDTO.swift; sourceTree = "<group>"; };
		1E3A1E622C7422580096708D /* EditAccountInfoViewController.swift */ = {isa = PBXFileReference; lastKnownFileType = sourcecode.swift; path = EditAccountInfoViewController.swift; sourceTree = "<group>"; };
		1E9727452C3C3C6F00252CA6 /* SettingViewController.swift */ = {isa = PBXFileReference; lastKnownFileType = sourcecode.swift; path = SettingViewController.swift; sourceTree = "<group>"; };
		1E9727492C3DA24100252CA6 /* EditProfileViewController.swift */ = {isa = PBXFileReference; lastKnownFileType = sourcecode.swift; path = EditProfileViewController.swift; sourceTree = "<group>"; };
		1E9727572C43924F00252CA6 /* UserRouter.swift */ = {isa = PBXFileReference; lastKnownFileType = sourcecode.swift; path = UserRouter.swift; sourceTree = "<group>"; };
		1E97275B2C43986B00252CA6 /* UserResponseDTO.swift */ = {isa = PBXFileReference; lastKnownFileType = sourcecode.swift; path = UserResponseDTO.swift; sourceTree = "<group>"; };
		1E97275D2C43996D00252CA6 /* UserService.swift */ = {isa = PBXFileReference; lastKnownFileType = sourcecode.swift; path = UserService.swift; sourceTree = "<group>"; };
		1E97275F2C43AE2D00252CA6 /* MyCardResponseDTO.swift */ = {isa = PBXFileReference; lastKnownFileType = sourcecode.swift; path = MyCardResponseDTO.swift; sourceTree = "<group>"; };
		1E9727612C44F62000252CA6 /* BlacklistViewController.swift */ = {isa = PBXFileReference; lastKnownFileType = sourcecode.swift; path = BlacklistViewController.swift; sourceTree = "<group>"; };
		1E9727642C44FCA600252CA6 /* BlacklistResponseDTO.swift */ = {isa = PBXFileReference; lastKnownFileType = sourcecode.swift; path = BlacklistResponseDTO.swift; sourceTree = "<group>"; };
		1ED0A9252C80F44400D78F4E /* ChangePasswordViewController.swift */ = {isa = PBXFileReference; lastKnownFileType = sourcecode.swift; path = ChangePasswordViewController.swift; sourceTree = "<group>"; };
		1ED0A92D2C8CC92500D78F4E /* PasswordTextField.swift */ = {isa = PBXFileReference; lastKnownFileType = sourcecode.swift; path = PasswordTextField.swift; sourceTree = "<group>"; };
		FF328DC42C4D4DA300007CD5 /* DotchiNavigationView.swift */ = {isa = PBXFileReference; lastKnownFileType = sourcecode.swift; path = DotchiNavigationView.swift; sourceTree = "<group>"; };
		FF328DC62C4D6FBC00007CD5 /* ProgressBarView.swift */ = {isa = PBXFileReference; lastKnownFileType = sourcecode.swift; path = ProgressBarView.swift; sourceTree = "<group>"; };
		FF328DC82C5A25A500007CD5 /* SignupTextField.swift */ = {isa = PBXFileReference; lastKnownFileType = sourcecode.swift; path = SignupTextField.swift; sourceTree = "<group>"; };
		FF328DCA2C5A280500007CD5 /* IconButton.swift */ = {isa = PBXFileReference; lastKnownFileType = sourcecode.swift; path = IconButton.swift; sourceTree = "<group>"; };
		FF33446F2C8D86F8002F2640 /* HomeRankDotchiImageView.swift */ = {isa = PBXFileReference; lastKnownFileType = sourcecode.swift; path = HomeRankDotchiImageView.swift; sourceTree = "<group>"; };
		FF3344712C8DA2DF002F2640 /* HomeNicknameView.swift */ = {isa = PBXFileReference; lastKnownFileType = sourcecode.swift; path = HomeNicknameView.swift; sourceTree = "<group>"; };
		FF3344732C8E6844002F2640 /* HomeDiscoverView.swift */ = {isa = PBXFileReference; lastKnownFileType = sourcecode.swift; path = HomeDiscoverView.swift; sourceTree = "<group>"; };
		FF4BF6A82C2DACCB00B6DEB2 /* MakeDotchiPhotoViewController.swift */ = {isa = PBXFileReference; lastKnownFileType = sourcecode.swift; path = MakeDotchiPhotoViewController.swift; sourceTree = "<group>"; };
		FF4BF6AE2C2DB39300B6DEB2 /* MyViewController.swift */ = {isa = PBXFileReference; lastKnownFileType = sourcecode.swift; path = MyViewController.swift; sourceTree = "<group>"; };
		FF4BF6B12C2DB63900B6DEB2 /* CardEntity.swift */ = {isa = PBXFileReference; lastKnownFileType = sourcecode.swift; path = CardEntity.swift; sourceTree = "<group>"; };
		FF4BF6B32C2DB64A00B6DEB2 /* CardUserEntity.swift */ = {isa = PBXFileReference; lastKnownFileType = sourcecode.swift; path = CardUserEntity.swift; sourceTree = "<group>"; };
		FF4BF6B52C2DB65B00B6DEB2 /* CardFrontEntity.swift */ = {isa = PBXFileReference; lastKnownFileType = sourcecode.swift; path = CardFrontEntity.swift; sourceTree = "<group>"; };
		FF4BF6B72C2DB66F00B6DEB2 /* MakeDotchiEntity.swift */ = {isa = PBXFileReference; lastKnownFileType = sourcecode.swift; path = MakeDotchiEntity.swift; sourceTree = "<group>"; };
		FF4BF6B92C2DB68000B6DEB2 /* CommentEntity.swift */ = {isa = PBXFileReference; lastKnownFileType = sourcecode.swift; path = CommentEntity.swift; sourceTree = "<group>"; };
		FF4BF6BB2C2DB69300B6DEB2 /* CardBackEntity.swift */ = {isa = PBXFileReference; lastKnownFileType = sourcecode.swift; path = CardBackEntity.swift; sourceTree = "<group>"; };
		FF4BF6BE2C2DB6F900B6DEB2 /* NetworkLoggerPlugin.swift */ = {isa = PBXFileReference; lastKnownFileType = sourcecode.swift; path = NetworkLoggerPlugin.swift; sourceTree = "<group>"; };
		FF4BF6C12C2DB72700B6DEB2 /* APIConstants.swift */ = {isa = PBXFileReference; lastKnownFileType = sourcecode.swift; path = APIConstants.swift; sourceTree = "<group>"; };
		FF6230372C9F36A0002029A6 /* CardRouter.swift */ = {isa = PBXFileReference; lastKnownFileType = sourcecode.swift; path = CardRouter.swift; sourceTree = "<group>"; };
		FF6230392C9FCD96002029A6 /* CardService.swift */ = {isa = PBXFileReference; lastKnownFileType = sourcecode.swift; path = CardService.swift; sourceTree = "<group>"; };
		FF62303D2C9FE404002029A6 /* CardListResponseDTO.swift */ = {isa = PBXFileReference; lastKnownFileType = sourcecode.swift; path = CardListResponseDTO.swift; sourceTree = "<group>"; };
		FF843BD92C7A2F79007B14A8 /* Debug.xcconfig */ = {isa = PBXFileReference; lastKnownFileType = text.xcconfig; path = Debug.xcconfig; sourceTree = "<group>"; };
		FF843BDB2C7A2F88007B14A8 /* Release.xcconfig */ = {isa = PBXFileReference; lastKnownFileType = text.xcconfig; path = Release.xcconfig; sourceTree = "<group>"; };
		FF843BDE2C7A4967007B14A8 /* PlaceholderTextView.swift */ = {isa = PBXFileReference; lastKnownFileType = sourcecode.swift; path = PlaceholderTextView.swift; sourceTree = "<group>"; };
		FFB7F9B52C5A396F00650238 /* WarningLabel.swift */ = {isa = PBXFileReference; lastKnownFileType = sourcecode.swift; path = WarningLabel.swift; sourceTree = "<group>"; };
		FFB7F9B72C5A42E700650238 /* TermsLabel.swift */ = {isa = PBXFileReference; lastKnownFileType = sourcecode.swift; path = TermsLabel.swift; sourceTree = "<group>"; };
		FFB7F9B92C5A430700650238 /* UITapGestureRecognizer+.swift */ = {isa = PBXFileReference; lastKnownFileType = sourcecode.swift; path = "UITapGestureRecognizer+.swift"; sourceTree = "<group>"; };
		FFB7F9BC2C5BE35900650238 /* SignupRequestDTO.swift */ = {isa = PBXFileReference; lastKnownFileType = sourcecode.swift; path = SignupRequestDTO.swift; sourceTree = "<group>"; };
		FFC7BB6D2C345EBC000EA7B5 /* SigninViewController.swift */ = {isa = PBXFileReference; lastKnownFileType = sourcecode.swift; path = SigninViewController.swift; sourceTree = "<group>"; };
		FFC7BB6F2C3460BF000EA7B5 /* HomeViewController.swift */ = {isa = PBXFileReference; lastKnownFileType = sourcecode.swift; path = HomeViewController.swift; sourceTree = "<group>"; };
		FFC7BB722C35A770000EA7B5 /* TextUnderlineButtonView.swift */ = {isa = PBXFileReference; lastKnownFileType = sourcecode.swift; path = TextUnderlineButtonView.swift; sourceTree = "<group>"; };
		FFC7BB752C35ADD4000EA7B5 /* SigninTextField.swift */ = {isa = PBXFileReference; lastKnownFileType = sourcecode.swift; path = SigninTextField.swift; sourceTree = "<group>"; };
		FFC7BB7A2C35BA89000EA7B5 /* DoneButton.swift */ = {isa = PBXFileReference; lastKnownFileType = sourcecode.swift; path = DoneButton.swift; sourceTree = "<group>"; };
		FFC7BB7D2C3D8A38000EA7B5 /* SignupUserInfoViewController.swift */ = {isa = PBXFileReference; lastKnownFileType = sourcecode.swift; path = SignupUserInfoViewController.swift; sourceTree = "<group>"; };
		FFC7BB7F2C3D8D62000EA7B5 /* AppInfo.swift */ = {isa = PBXFileReference; lastKnownFileType = sourcecode.swift; path = AppInfo.swift; sourceTree = "<group>"; };
		FFC7BB842C3D943E000EA7B5 /* BaseResponseType.swift */ = {isa = PBXFileReference; lastKnownFileType = sourcecode.swift; path = BaseResponseType.swift; sourceTree = "<group>"; };
		FFC7BB862C3D9562000EA7B5 /* DotchiMoyaProvider.swift */ = {isa = PBXFileReference; lastKnownFileType = sourcecode.swift; path = DotchiMoyaProvider.swift; sourceTree = "<group>"; };
		FFC7BB882C3D956F000EA7B5 /* NetworkResult.swift */ = {isa = PBXFileReference; lastKnownFileType = sourcecode.swift; path = NetworkResult.swift; sourceTree = "<group>"; };
		FFC7BB8A2C3D95BA000EA7B5 /* BaseService.swift */ = {isa = PBXFileReference; lastKnownFileType = sourcecode.swift; path = BaseService.swift; sourceTree = "<group>"; };
		FFC7BB8C2C3EDF95000EA7B5 /* AuthService.swift */ = {isa = PBXFileReference; lastKnownFileType = sourcecode.swift; path = AuthService.swift; sourceTree = "<group>"; };
		FFC7BB8F2C3EDFAC000EA7B5 /* SigninRequestDTO.swift */ = {isa = PBXFileReference; lastKnownFileType = sourcecode.swift; path = SigninRequestDTO.swift; sourceTree = "<group>"; };
		FFC7BB912C3EDFCB000EA7B5 /* AuthRouter.swift */ = {isa = PBXFileReference; lastKnownFileType = sourcecode.swift; path = AuthRouter.swift; sourceTree = "<group>"; };
		FFC7BB952C3EE055000EA7B5 /* ServiceEnvironment.swift */ = {isa = PBXFileReference; lastKnownFileType = sourcecode.swift; path = ServiceEnvironment.swift; sourceTree = "<group>"; };
		FFC7BB9C2C3EE151000EA7B5 /* SigninResponseDTO.swift */ = {isa = PBXFileReference; lastKnownFileType = sourcecode.swift; path = SigninResponseDTO.swift; sourceTree = "<group>"; };
		FFC7BB9E2C457616000EA7B5 /* SignupNicknameViewController.swift */ = {isa = PBXFileReference; lastKnownFileType = sourcecode.swift; path = SignupNicknameViewController.swift; sourceTree = "<group>"; };
		FFC7BBA02C45764E000EA7B5 /* SignupIntroduceViewController.swift */ = {isa = PBXFileReference; lastKnownFileType = sourcecode.swift; path = SignupIntroduceViewController.swift; sourceTree = "<group>"; };
		FFC7BBA22C45765A000EA7B5 /* SignupProfileImageViewController.swift */ = {isa = PBXFileReference; lastKnownFileType = sourcecode.swift; path = SignupProfileImageViewController.swift; sourceTree = "<group>"; };
		FFC7BBA42C45766D000EA7B5 /* SignupCompleteViewController.swift */ = {isa = PBXFileReference; lastKnownFileType = sourcecode.swift; path = SignupCompleteViewController.swift; sourceTree = "<group>"; };
		FFCB11F72C9AED1600892966 /* MoreButton.swift */ = {isa = PBXFileReference; lastKnownFileType = sourcecode.swift; path = MoreButton.swift; sourceTree = "<group>"; };
		FFCB11FA2C9E5AFC00892966 /* DotchiSmallCardCollectionViewCell.swift */ = {isa = PBXFileReference; lastKnownFileType = sourcecode.swift; path = DotchiSmallCardCollectionViewCell.swift; sourceTree = "<group>"; };
		FFCD60262C21D9F2007785FF /* DOTCHI.app */ = {isa = PBXFileReference; explicitFileType = wrapper.application; includeInIndex = 0; path = DOTCHI.app; sourceTree = BUILT_PRODUCTS_DIR; };
		FFCD60292C21D9F2007785FF /* AppDelegate.swift */ = {isa = PBXFileReference; lastKnownFileType = sourcecode.swift; path = AppDelegate.swift; sourceTree = "<group>"; };
		FFCD602B2C21D9F2007785FF /* SceneDelegate.swift */ = {isa = PBXFileReference; lastKnownFileType = sourcecode.swift; path = SceneDelegate.swift; sourceTree = "<group>"; };
		FFCD60352C21D9F3007785FF /* Base */ = {isa = PBXFileReference; lastKnownFileType = file.storyboard; name = Base; path = Base.lproj/LaunchScreen.storyboard; sourceTree = "<group>"; };
		FFCD60372C21D9F3007785FF /* Info.plist */ = {isa = PBXFileReference; lastKnownFileType = text.plist.xml; path = Info.plist; sourceTree = "<group>"; };
		FFCD60402C2D9195007785FF /* Pretendard-SemiBold.ttf */ = {isa = PBXFileReference; lastKnownFileType = file; path = "Pretendard-SemiBold.ttf"; sourceTree = "<group>"; };
		FFCD60412C2D9195007785FF /* Pretendard-ExtraBold.ttf */ = {isa = PBXFileReference; lastKnownFileType = file; path = "Pretendard-ExtraBold.ttf"; sourceTree = "<group>"; };
		FFCD60422C2D9195007785FF /* Pretendard-Bold.ttf */ = {isa = PBXFileReference; lastKnownFileType = file; path = "Pretendard-Bold.ttf"; sourceTree = "<group>"; };
		FFCD60432C2D9195007785FF /* Pretendard-Medium.ttf */ = {isa = PBXFileReference; lastKnownFileType = file; path = "Pretendard-Medium.ttf"; sourceTree = "<group>"; };
		FFCD60482C2D9290007785FF /* Assets.xcassets */ = {isa = PBXFileReference; lastKnownFileType = folder.assetcatalog; path = Assets.xcassets; sourceTree = "<group>"; };
		FFCD60492C2D9290007785FF /* Colorsets.xcassets */ = {isa = PBXFileReference; lastKnownFileType = folder.assetcatalog; path = Colorsets.xcassets; sourceTree = "<group>"; };
		FFCD60512C2D9482007785FF /* SplashViewController.swift */ = {isa = PBXFileReference; lastKnownFileType = sourcecode.swift; path = SplashViewController.swift; sourceTree = "<group>"; };
		FFCD60552C2D9501007785FF /* UIFont+.swift */ = {isa = PBXFileReference; lastKnownFileType = sourcecode.swift; path = "UIFont+.swift"; sourceTree = "<group>"; };
		FFCD60572C2D9515007785FF /* UIColor+.swift */ = {isa = PBXFileReference; lastKnownFileType = sourcecode.swift; path = "UIColor+.swift"; sourceTree = "<group>"; };
		FFCD605A2C2D953F007785FF /* BaseViewController.swift */ = {isa = PBXFileReference; lastKnownFileType = sourcecode.swift; path = BaseViewController.swift; sourceTree = "<group>"; };
		FFCD60612C2D95AA007785FF /* BaseUINavigationController.swift */ = {isa = PBXFileReference; lastKnownFileType = sourcecode.swift; path = BaseUINavigationController.swift; sourceTree = "<group>"; };
		FFCD60642C2D96D8007785FF /* UIViewController+.swift */ = {isa = PBXFileReference; lastKnownFileType = sourcecode.swift; path = "UIViewController+.swift"; sourceTree = "<group>"; };
		FFCD60662C2D96F8007785FF /* UIView+.swift */ = {isa = PBXFileReference; lastKnownFileType = sourcecode.swift; path = "UIView+.swift"; sourceTree = "<group>"; };
		FFCD60682C2D9718007785FF /* UIButton+.swift */ = {isa = PBXFileReference; lastKnownFileType = sourcecode.swift; path = "UIButton+.swift"; sourceTree = "<group>"; };
		FFCD606C2C2D9742007785FF /* UILabel+.swift */ = {isa = PBXFileReference; lastKnownFileType = sourcecode.swift; path = "UILabel+.swift"; sourceTree = "<group>"; };
		FFCD606E2C2D975A007785FF /* UICollectionView+.swift */ = {isa = PBXFileReference; lastKnownFileType = sourcecode.swift; path = "UICollectionView+.swift"; sourceTree = "<group>"; };
		FFCD60702C2D976E007785FF /* Adjusted+.swift */ = {isa = PBXFileReference; lastKnownFileType = sourcecode.swift; path = "Adjusted+.swift"; sourceTree = "<group>"; };
		FFCD60722C2D977F007785FF /* UIImageView+.swift */ = {isa = PBXFileReference; lastKnownFileType = sourcecode.swift; path = "UIImageView+.swift"; sourceTree = "<group>"; };
		FFCD60742C2D9792007785FF /* UIStackView+.swift */ = {isa = PBXFileReference; lastKnownFileType = sourcecode.swift; path = "UIStackView+.swift"; sourceTree = "<group>"; };
		FFCD60762C2D97AA007785FF /* UITextField+.swift */ = {isa = PBXFileReference; lastKnownFileType = sourcecode.swift; path = "UITextField+.swift"; sourceTree = "<group>"; };
		FFCD60782C2D97C3007785FF /* String+.swift */ = {isa = PBXFileReference; lastKnownFileType = sourcecode.swift; path = "String+.swift"; sourceTree = "<group>"; };
		FFCD607A2C2D97D1007785FF /* UITableView+.swift */ = {isa = PBXFileReference; lastKnownFileType = sourcecode.swift; path = "UITableView+.swift"; sourceTree = "<group>"; };
		FFCD607C2C2D97E1007785FF /* UIImage+.swift */ = {isa = PBXFileReference; lastKnownFileType = sourcecode.swift; path = "UIImage+.swift"; sourceTree = "<group>"; };
		FFCD607E2C2D97FB007785FF /* UserDefaults+.swift */ = {isa = PBXFileReference; lastKnownFileType = sourcecode.swift; path = "UserDefaults+.swift"; sourceTree = "<group>"; };
		FFCD60802C2D980F007785FF /* UINavigationController+.swift */ = {isa = PBXFileReference; lastKnownFileType = sourcecode.swift; path = "UINavigationController+.swift"; sourceTree = "<group>"; };
		FFCD60822C2D9832007785FF /* Encodable+.swift */ = {isa = PBXFileReference; lastKnownFileType = sourcecode.swift; path = "Encodable+.swift"; sourceTree = "<group>"; };
		FFCD60842C2D9860007785FF /* ClassNameProtocol.swift */ = {isa = PBXFileReference; lastKnownFileType = sourcecode.swift; path = ClassNameProtocol.swift; sourceTree = "<group>"; };
		FFCD60872C2D9884007785FF /* UIViewControllerToSwiftUI.swift */ = {isa = PBXFileReference; lastKnownFileType = sourcecode.swift; path = UIViewControllerToSwiftUI.swift; sourceTree = "<group>"; };
		FFCD608A2C2D98A5007785FF /* ImageCacheManager.swift */ = {isa = PBXFileReference; lastKnownFileType = sourcecode.swift; path = ImageCacheManager.swift; sourceTree = "<group>"; };
		FFCD608C2C2D98B1007785FF /* UserInfo.swift */ = {isa = PBXFileReference; lastKnownFileType = sourcecode.swift; path = UserInfo.swift; sourceTree = "<group>"; };
		FFCD608E2C2D98BF007785FF /* UserDefaultsManager.swift */ = {isa = PBXFileReference; lastKnownFileType = sourcecode.swift; path = UserDefaultsManager.swift; sourceTree = "<group>"; };
		FFCD60912C2D98F7007785FF /* LuckyType.swift */ = {isa = PBXFileReference; lastKnownFileType = sourcecode.swift; path = LuckyType.swift; sourceTree = "<group>"; };
		FFCD60932C2D990D007785FF /* CardSortType.swift */ = {isa = PBXFileReference; lastKnownFileType = sourcecode.swift; path = CardSortType.swift; sourceTree = "<group>"; };
		FFCD60952C2D9915007785FF /* CardHeadType.swift */ = {isa = PBXFileReference; lastKnownFileType = sourcecode.swift; path = CardHeadType.swift; sourceTree = "<group>"; };
		FFCD60972C2D991A007785FF /* Messages.swift */ = {isa = PBXFileReference; lastKnownFileType = sourcecode.swift; path = Messages.swift; sourceTree = "<group>"; };
		FFCD60992C2D9920007785FF /* KeychainKeys.swift */ = {isa = PBXFileReference; lastKnownFileType = sourcecode.swift; path = KeychainKeys.swift; sourceTree = "<group>"; };
		FFCD60C42C2D9E66007785FF /* DotchiTabBarController.swift */ = {isa = PBXFileReference; lastKnownFileType = sourcecode.swift; path = DotchiTabBarController.swift; sourceTree = "<group>"; };
		FFDAE3302CA0762800509227 /* HomeThemeView.swift */ = {isa = PBXFileReference; lastKnownFileType = sourcecode.swift; path = HomeThemeView.swift; sourceTree = "<group>"; };
		FFDAE3322CA078F300509227 /* HomeThemeButtonView.swift */ = {isa = PBXFileReference; lastKnownFileType = sourcecode.swift; path = HomeThemeButtonView.swift; sourceTree = "<group>"; };
		FFDAE3362CA8826000509227 /* MakeDotchiLuckyTitleView.swift */ = {isa = PBXFileReference; lastKnownFileType = sourcecode.swift; path = MakeDotchiLuckyTitleView.swift; sourceTree = "<group>"; };
		FFDAE3382CA885DF00509227 /* MakeDotchiCollectionViewCell.swift */ = {isa = PBXFileReference; lastKnownFileType = sourcecode.swift; path = MakeDotchiCollectionViewCell.swift; sourceTree = "<group>"; };
		FFDAE33A2CA8860100509227 /* LoadPhotoView.swift */ = {isa = PBXFileReference; lastKnownFileType = sourcecode.swift; path = LoadPhotoView.swift; sourceTree = "<group>"; };
		FFDAE33C2CA886CD00509227 /* Int+.swift */ = {isa = PBXFileReference; lastKnownFileType = sourcecode.swift; path = "Int+.swift"; sourceTree = "<group>"; };
		FFDAE33E2CA8880B00509227 /* MakeDotchiContentViewController.swift */ = {isa = PBXFileReference; lastKnownFileType = sourcecode.swift; path = MakeDotchiContentViewController.swift; sourceTree = "<group>"; };
		FFFB88862C7B216A00ACB0C6 /* SignupEntity.swift */ = {isa = PBXFileReference; lastKnownFileType = sourcecode.swift; path = SignupEntity.swift; sourceTree = "<group>"; };
		FFFB88882C7E1BA100ACB0C6 /* SignupResponseDTO.swift */ = {isa = PBXFileReference; lastKnownFileType = sourcecode.swift; path = SignupResponseDTO.swift; sourceTree = "<group>"; };
		FFFB888C2C7F79C500ACB0C6 /* HomeTodayView.swift */ = {isa = PBXFileReference; lastKnownFileType = sourcecode.swift; path = HomeTodayView.swift; sourceTree = "<group>"; };
		FFFB88912C875E6200ACB0C6 /* pung.json */ = {isa = PBXFileReference; fileEncoding = 4; lastKnownFileType = text.json; path = pung.json; sourceTree = "<group>"; };
/* End PBXFileReference section */

/* Begin PBXFrameworksBuildPhase section */
		FFCD60232C21D9F2007785FF /* Frameworks */ = {
			isa = PBXFrameworksBuildPhase;
			buildActionMask = 2147483647;
			files = (
				FFCD60B22C2D9AA7007785FF /* RxGesture in Frameworks */,
				FF4BF6AC2C2DB15500B6DEB2 /* SnapKit in Frameworks */,
				FFCD60BC2C2D9B29007785FF /* ReactiveMoya in Frameworks */,
				FFCD60C12C2D9DBC007785FF /* Lottie in Frameworks */,
				FFCD60BE2C2D9B29007785FF /* RxMoya in Frameworks */,
				FFC7BB792C35B905000EA7B5 /* IQKeyboardManagerSwift in Frameworks */,
				FFCD60B82C2D9B29007785FF /* CombineMoya in Frameworks */,
				FFCD60BA2C2D9B29007785FF /* Moya in Frameworks */,
				FFCD60B52C2D9B10007785FF /* KeychainSwift in Frameworks */,
			);
			runOnlyForDeploymentPostprocessing = 0;
		};
/* End PBXFrameworksBuildPhase section */

/* Begin PBXGroup section */
		1E9727592C43982300252CA6 /* User */ = {
			isa = PBXGroup;
			children = (
				FFB7F9BB2C5BE34B00650238 /* Request */,
				1E97275A2C43983700252CA6 /* Response */,
			);
			path = User;
			sourceTree = "<group>";
		};
		1E97275A2C43983700252CA6 /* Response */ = {
			isa = PBXGroup;
			children = (
				1E97275B2C43986B00252CA6 /* UserResponseDTO.swift */,
				1E3A1E5E2C71EE740096708D /* EditUserResponseDTO.swift */,
				1E97275F2C43AE2D00252CA6 /* MyCardResponseDTO.swift */,
				1E9727642C44FCA600252CA6 /* BlacklistResponseDTO.swift */,
				FFFB88882C7E1BA100ACB0C6 /* SignupResponseDTO.swift */,
			);
			path = Response;
			sourceTree = "<group>";
		};
		FF328DC32C4D4D8C00007CD5 /* UIView */ = {
			isa = PBXGroup;
			children = (
				FFDAE33A2CA8860100509227 /* LoadPhotoView.swift */,
				FF328DC42C4D4DA300007CD5 /* DotchiNavigationView.swift */,
				FF328DC62C4D6FBC00007CD5 /* ProgressBarView.swift */,
			);
			path = UIView;
			sourceTree = "<group>";
		};
		FF4BF6A72C2DAC9500B6DEB2 /* Make */ = {
			isa = PBXGroup;
			children = (
				FFDAE33E2CA8880B00509227 /* MakeDotchiContentViewController.swift */,
				FFDAE3362CA8826000509227 /* MakeDotchiLuckyTitleView.swift */,
				FF4BF6A82C2DACCB00B6DEB2 /* MakeDotchiPhotoViewController.swift */,
			);
			path = Make;
			sourceTree = "<group>";
		};
		FF4BF6AD2C2DB38900B6DEB2 /* My */ = {
			isa = PBXGroup;
			children = (
				FF4BF6AE2C2DB39300B6DEB2 /* MyViewController.swift */,
				1E9727452C3C3C6F00252CA6 /* SettingViewController.swift */,
				1E9727492C3DA24100252CA6 /* EditProfileViewController.swift */,
				1E3A1E622C7422580096708D /* EditAccountInfoViewController.swift */,
				1ED0A9252C80F44400D78F4E /* ChangePasswordViewController.swift */,
				1E9727612C44F62000252CA6 /* BlacklistViewController.swift */,
			);
			path = My;
			sourceTree = "<group>";
		};
		FF4BF6B02C2DB61800B6DEB2 /* Entities */ = {
			isa = PBXGroup;
			children = (
				FF4BF6B12C2DB63900B6DEB2 /* CardEntity.swift */,
				FF4BF6B32C2DB64A00B6DEB2 /* CardUserEntity.swift */,
				FF4BF6B52C2DB65B00B6DEB2 /* CardFrontEntity.swift */,
				FF4BF6B72C2DB66F00B6DEB2 /* MakeDotchiEntity.swift */,
				FF4BF6B92C2DB68000B6DEB2 /* CommentEntity.swift */,
				FF4BF6BB2C2DB69300B6DEB2 /* CardBackEntity.swift */,
				FFFB88862C7B216A00ACB0C6 /* SignupEntity.swift */,
			);
			path = Entities;
			sourceTree = "<group>";
		};
		FF4BF6BD2C2DB6E800B6DEB2 /* Networks */ = {
			isa = PBXGroup;
			children = (
				FFC7BB832C3D9423000EA7B5 /* Services */,
				FFC7BB822C3D941B000EA7B5 /* Routers */,
				FFC7BB812C3D93FE000EA7B5 /* DTO */,
				FF4BF6C02C2DB71D00B6DEB2 /* Essentials */,
				FF4BF6BE2C2DB6F900B6DEB2 /* NetworkLoggerPlugin.swift */,
			);
			path = Networks;
			sourceTree = "<group>";
		};
		FF4BF6C02C2DB71D00B6DEB2 /* Essentials */ = {
			isa = PBXGroup;
			children = (
				FFC7BB842C3D943E000EA7B5 /* BaseResponseType.swift */,
				FF4BF6C12C2DB72700B6DEB2 /* APIConstants.swift */,
				FFC7BB862C3D9562000EA7B5 /* DotchiMoyaProvider.swift */,
				FFC7BB882C3D956F000EA7B5 /* NetworkResult.swift */,
			);
			path = Essentials;
			sourceTree = "<group>";
		};
		FF62303B2C9FCE7C002029A6 /* Card */ = {
			isa = PBXGroup;
			children = (
				FF62303C2C9FCE84002029A6 /* Response */,
			);
			path = Card;
			sourceTree = "<group>";
		};
		FF62303C2C9FCE84002029A6 /* Response */ = {
			isa = PBXGroup;
			children = (
				FF62303D2C9FE404002029A6 /* CardListResponseDTO.swift */,
			);
			path = Response;
			sourceTree = "<group>";
		};
		FF843BDD2C7A495A007B14A8 /* UITextView */ = {
			isa = PBXGroup;
			children = (
				FF843BDE2C7A4967007B14A8 /* PlaceholderTextView.swift */,
			);
			path = UITextView;
			sourceTree = "<group>";
		};
		FFB7F9B42C5A396300650238 /* UILabel */ = {
			isa = PBXGroup;
			children = (
				FFB7F9B52C5A396F00650238 /* WarningLabel.swift */,
				FFB7F9B72C5A42E700650238 /* TermsLabel.swift */,
			);
			path = UILabel;
			sourceTree = "<group>";
		};
		FFB7F9BB2C5BE34B00650238 /* Request */ = {
			isa = PBXGroup;
			children = (
				FFB7F9BC2C5BE35900650238 /* SignupRequestDTO.swift */,
				1E3A1E602C71EEA50096708D /* EditUserRequestDTO.swift */,
			);
			path = Request;
			sourceTree = "<group>";
		};
		FFC7BB6C2C345EAC000EA7B5 /* Signin */ = {
			isa = PBXGroup;
			children = (
				FFC7BB6D2C345EBC000EA7B5 /* SigninViewController.swift */,
			);
			path = Signin;
			sourceTree = "<group>";
		};
		FFC7BB712C359E19000EA7B5 /* UIButton */ = {
			isa = PBXGroup;
			children = (
				FFC7BB722C35A770000EA7B5 /* TextUnderlineButtonView.swift */,
				FFC7BB7A2C35BA89000EA7B5 /* DoneButton.swift */,
				FF328DCA2C5A280500007CD5 /* IconButton.swift */,
				FFCB11F72C9AED1600892966 /* MoreButton.swift */,
			);
			path = UIButton;
			sourceTree = "<group>";
		};
		FFC7BB742C35AD66000EA7B5 /* UITextField */ = {
			isa = PBXGroup;
			children = (
				FFC7BB752C35ADD4000EA7B5 /* SigninTextField.swift */,
				FF328DC82C5A25A500007CD5 /* SignupTextField.swift */,
				1ED0A92D2C8CC92500D78F4E /* PasswordTextField.swift */,
			);
			path = UITextField;
			sourceTree = "<group>";
		};
		FFC7BB7C2C3D88A6000EA7B5 /* Signup */ = {
			isa = PBXGroup;
			children = (
				FFC7BB7D2C3D8A38000EA7B5 /* SignupUserInfoViewController.swift */,
				FFC7BB9E2C457616000EA7B5 /* SignupNicknameViewController.swift */,
				FFC7BBA02C45764E000EA7B5 /* SignupIntroduceViewController.swift */,
				FFC7BBA22C45765A000EA7B5 /* SignupProfileImageViewController.swift */,
				FFC7BBA42C45766D000EA7B5 /* SignupCompleteViewController.swift */,
			);
			path = Signup;
			sourceTree = "<group>";
		};
		FFC7BB812C3D93FE000EA7B5 /* DTO */ = {
			isa = PBXGroup;
			children = (
				FF62303B2C9FCE7C002029A6 /* Card */,
				FFC7BB8E2C3EDFA2000EA7B5 /* Auth */,
				1E9727592C43982300252CA6 /* User */,
			);
			path = DTO;
			sourceTree = "<group>";
		};
		FFC7BB822C3D941B000EA7B5 /* Routers */ = {
			isa = PBXGroup;
			children = (
				FF6230372C9F36A0002029A6 /* CardRouter.swift */,
				FFC7BB912C3EDFCB000EA7B5 /* AuthRouter.swift */,
				1E9727572C43924F00252CA6 /* UserRouter.swift */,
			);
			path = Routers;
			sourceTree = "<group>";
		};
		FFC7BB832C3D9423000EA7B5 /* Services */ = {
			isa = PBXGroup;
			children = (
				FF6230392C9FCD96002029A6 /* CardService.swift */,
				FFC7BB8A2C3D95BA000EA7B5 /* BaseService.swift */,
				FFC7BB8C2C3EDF95000EA7B5 /* AuthService.swift */,
				1E97275D2C43996D00252CA6 /* UserService.swift */,
			);
			path = Services;
			sourceTree = "<group>";
		};
		FFC7BB8E2C3EDFA2000EA7B5 /* Auth */ = {
			isa = PBXGroup;
			children = (
				FFC7BB9B2C3EE148000EA7B5 /* Response */,
				FFC7BB932C3EDFE4000EA7B5 /* Request */,
			);
			path = Auth;
			sourceTree = "<group>";
		};
		FFC7BB932C3EDFE4000EA7B5 /* Request */ = {
			isa = PBXGroup;
			children = (
				FFC7BB8F2C3EDFAC000EA7B5 /* SigninRequestDTO.swift */,
			);
			path = Request;
			sourceTree = "<group>";
		};
		FFC7BB942C3EE049000EA7B5 /* Supports */ = {
			isa = PBXGroup;
			children = (
				FFC7BB952C3EE055000EA7B5 /* ServiceEnvironment.swift */,
				FF843BD92C7A2F79007B14A8 /* Debug.xcconfig */,
				FF843BDB2C7A2F88007B14A8 /* Release.xcconfig */,
			);
			path = Supports;
			sourceTree = "<group>";
		};
		FFC7BB9B2C3EE148000EA7B5 /* Response */ = {
			isa = PBXGroup;
			children = (
				FFC7BB9C2C3EE151000EA7B5 /* SigninResponseDTO.swift */,
			);
			path = Response;
			sourceTree = "<group>";
		};
		FFCB11F92C9E59C600892966 /* UICollectionViewCell */ = {
			isa = PBXGroup;
			children = (
				FFDAE3382CA885DF00509227 /* MakeDotchiCollectionViewCell.swift */,
				FFCB11FA2C9E5AFC00892966 /* DotchiSmallCardCollectionViewCell.swift */,
			);
			path = UICollectionViewCell;
			sourceTree = "<group>";
		};
		FFCD601D2C21D9F2007785FF = {
			isa = PBXGroup;
			children = (
				FFCD60282C21D9F2007785FF /* DOTCHI */,
				FFCD60272C21D9F2007785FF /* Products */,
			);
			sourceTree = "<group>";
		};
		FFCD60272C21D9F2007785FF /* Products */ = {
			isa = PBXGroup;
			children = (
				FFCD60262C21D9F2007785FF /* DOTCHI.app */,
			);
			name = Products;
			sourceTree = "<group>";
		};
		FFCD60282C21D9F2007785FF /* DOTCHI */ = {
			isa = PBXGroup;
			children = (
				FFC7BB942C3EE049000EA7B5 /* Supports */,
				FFCD60532C2D94E9007785FF /* Global */,
				FF4BF6BD2C2DB6E800B6DEB2 /* Networks */,
				FFCD604C2C2D9406007785FF /* Sources */,
				FFCD603D2C2D911D007785FF /* Resources */,
				FFCD60292C21D9F2007785FF /* AppDelegate.swift */,
				FFCD602B2C21D9F2007785FF /* SceneDelegate.swift */,
				FFCD60372C21D9F3007785FF /* Info.plist */,
			);
			path = DOTCHI;
			sourceTree = "<group>";
		};
		FFCD603D2C2D911D007785FF /* Resources */ = {
			isa = PBXGroup;
			children = (
				FFFB888E2C875DD700ACB0C6 /* GIFs */,
				FFCD60482C2D9290007785FF /* Assets.xcassets */,
				FFCD60492C2D9290007785FF /* Colorsets.xcassets */,
				FFCD603E2C2D913D007785FF /* Fonts */,
			);
			path = Resources;
			sourceTree = "<group>";
		};
		FFCD603E2C2D913D007785FF /* Fonts */ = {
			isa = PBXGroup;
			children = (
				FFCD60422C2D9195007785FF /* Pretendard-Bold.ttf */,
				FFCD60412C2D9195007785FF /* Pretendard-ExtraBold.ttf */,
				FFCD60432C2D9195007785FF /* Pretendard-Medium.ttf */,
				FFCD60402C2D9195007785FF /* Pretendard-SemiBold.ttf */,
			);
			path = Fonts;
			sourceTree = "<group>";
		};
		FFCD604C2C2D9406007785FF /* Sources */ = {
			isa = PBXGroup;
			children = (
				FF4BF6B02C2DB61800B6DEB2 /* Entities */,
				FFCD60C22C2D9E36007785FF /* Components */,
				FFCD604D2C2D940F007785FF /* Screens */,
			);
			path = Sources;
			sourceTree = "<group>";
		};
		FFCD604D2C2D940F007785FF /* Screens */ = {
			isa = PBXGroup;
			children = (
				FFC7BB7C2C3D88A6000EA7B5 /* Signup */,
				FFC7BB6C2C345EAC000EA7B5 /* Signin */,
				FF4BF6AD2C2DB38900B6DEB2 /* My */,
				FF4BF6A72C2DAC9500B6DEB2 /* Make */,
				FFCD60502C2D9468007785FF /* Home */,
				FFCD604F2C2D9463007785FF /* Splash */,
				FFCD604E2C2D9446007785FF /* Onboarding */,
				FFCD60342C21D9F3007785FF /* LaunchScreen.storyboard */,
			);
			path = Screens;
			sourceTree = "<group>";
		};
		FFCD604E2C2D9446007785FF /* Onboarding */ = {
			isa = PBXGroup;
			children = (
			);
			path = Onboarding;
			sourceTree = "<group>";
		};
		FFCD604F2C2D9463007785FF /* Splash */ = {
			isa = PBXGroup;
			children = (
				FFCD60512C2D9482007785FF /* SplashViewController.swift */,
			);
			path = Splash;
			sourceTree = "<group>";
		};
		FFCD60502C2D9468007785FF /* Home */ = {
			isa = PBXGroup;
			children = (
				FFDAE3322CA078F300509227 /* HomeThemeButtonView.swift */,
				FFDAE3302CA0762800509227 /* HomeThemeView.swift */,
				FFC7BB6F2C3460BF000EA7B5 /* HomeViewController.swift */,
				FFFB888C2C7F79C500ACB0C6 /* HomeTodayView.swift */,
				FF33446F2C8D86F8002F2640 /* HomeRankDotchiImageView.swift */,
				FF3344712C8DA2DF002F2640 /* HomeNicknameView.swift */,
				FF3344732C8E6844002F2640 /* HomeDiscoverView.swift */,
			);
			path = Home;
			sourceTree = "<group>";
		};
		FFCD60532C2D94E9007785FF /* Global */ = {
			isa = PBXGroup;
			children = (
				FFCD60902C2D98E9007785FF /* Enums */,
				FFCD60892C2D988D007785FF /* Singletons */,
				FFCD60862C2D987B007785FF /* Structs */,
				FFCD60632C2D96BA007785FF /* Protocols */,
				FFCD60592C2D9536007785FF /* Bases */,
				FFCD60542C2D94F6007785FF /* Extensions */,
			);
			path = Global;
			sourceTree = "<group>";
		};
		FFCD60542C2D94F6007785FF /* Extensions */ = {
			isa = PBXGroup;
			children = (
				FFDAE33C2CA886CD00509227 /* Int+.swift */,
				FFCD60642C2D96D8007785FF /* UIViewController+.swift */,
				FFCD60552C2D9501007785FF /* UIFont+.swift */,
				FFCD60572C2D9515007785FF /* UIColor+.swift */,
				FFCD60662C2D96F8007785FF /* UIView+.swift */,
				FFCD60682C2D9718007785FF /* UIButton+.swift */,
				FFCD606C2C2D9742007785FF /* UILabel+.swift */,
				FFCD606E2C2D975A007785FF /* UICollectionView+.swift */,
				FFCD60702C2D976E007785FF /* Adjusted+.swift */,
				FFCD60722C2D977F007785FF /* UIImageView+.swift */,
				FFCD60742C2D9792007785FF /* UIStackView+.swift */,
				FFCD60762C2D97AA007785FF /* UITextField+.swift */,
				FFCD60782C2D97C3007785FF /* String+.swift */,
				FFCD607A2C2D97D1007785FF /* UITableView+.swift */,
				FFCD607C2C2D97E1007785FF /* UIImage+.swift */,
				FFCD607E2C2D97FB007785FF /* UserDefaults+.swift */,
				FFCD60802C2D980F007785FF /* UINavigationController+.swift */,
				FFCD60822C2D9832007785FF /* Encodable+.swift */,
				FFB7F9B92C5A430700650238 /* UITapGestureRecognizer+.swift */,
			);
			path = Extensions;
			sourceTree = "<group>";
		};
		FFCD60592C2D9536007785FF /* Bases */ = {
			isa = PBXGroup;
			children = (
				FFCD605A2C2D953F007785FF /* BaseViewController.swift */,
				FFCD60612C2D95AA007785FF /* BaseUINavigationController.swift */,
			);
			path = Bases;
			sourceTree = "<group>";
		};
		FFCD60632C2D96BA007785FF /* Protocols */ = {
			isa = PBXGroup;
			children = (
				FFCD60842C2D9860007785FF /* ClassNameProtocol.swift */,
			);
			path = Protocols;
			sourceTree = "<group>";
		};
		FFCD60862C2D987B007785FF /* Structs */ = {
			isa = PBXGroup;
			children = (
				FFCD60872C2D9884007785FF /* UIViewControllerToSwiftUI.swift */,
			);
			path = Structs;
			sourceTree = "<group>";
		};
		FFCD60892C2D988D007785FF /* Singletons */ = {
			isa = PBXGroup;
			children = (
				FFCD608A2C2D98A5007785FF /* ImageCacheManager.swift */,
				FFCD608C2C2D98B1007785FF /* UserInfo.swift */,
				FFCD608E2C2D98BF007785FF /* UserDefaultsManager.swift */,
				FFC7BB7F2C3D8D62000EA7B5 /* AppInfo.swift */,
			);
			path = Singletons;
			sourceTree = "<group>";
		};
		FFCD60902C2D98E9007785FF /* Enums */ = {
			isa = PBXGroup;
			children = (
				FFCD60912C2D98F7007785FF /* LuckyType.swift */,
				FFCD60932C2D990D007785FF /* CardSortType.swift */,
				FFCD60952C2D9915007785FF /* CardHeadType.swift */,
				FFCD60972C2D991A007785FF /* Messages.swift */,
				FFCD60992C2D9920007785FF /* KeychainKeys.swift */,
			);
			path = Enums;
			sourceTree = "<group>";
		};
		FFCD60C22C2D9E36007785FF /* Components */ = {
			isa = PBXGroup;
			children = (
				FFCB11F92C9E59C600892966 /* UICollectionViewCell */,
				FF843BDD2C7A495A007B14A8 /* UITextView */,
				FFB7F9B42C5A396300650238 /* UILabel */,
				FF328DC32C4D4D8C00007CD5 /* UIView */,
				FFC7BB742C35AD66000EA7B5 /* UITextField */,
				FFC7BB712C359E19000EA7B5 /* UIButton */,
				FFCD60C32C2D9E3E007785FF /* UITabBarViewController */,
			);
			path = Components;
			sourceTree = "<group>";
		};
		FFCD60C32C2D9E3E007785FF /* UITabBarViewController */ = {
			isa = PBXGroup;
			children = (
				FFCD60C42C2D9E66007785FF /* DotchiTabBarController.swift */,
			);
			path = UITabBarViewController;
			sourceTree = "<group>";
		};
		FFFB888E2C875DD700ACB0C6 /* GIFs */ = {
			isa = PBXGroup;
			children = (
				FFFB88912C875E6200ACB0C6 /* pung.json */,
			);
			path = GIFs;
			sourceTree = "<group>";
		};
/* End PBXGroup section */

/* Begin PBXNativeTarget section */
		FFCD60252C21D9F2007785FF /* DOTCHI */ = {
			isa = PBXNativeTarget;
			buildConfigurationList = FFCD603A2C21D9F3007785FF /* Build configuration list for PBXNativeTarget "DOTCHI" */;
			buildPhases = (
				FFCD60222C21D9F2007785FF /* Sources */,
				FFCD60232C21D9F2007785FF /* Frameworks */,
				FFCD60242C21D9F2007785FF /* Resources */,
			);
			buildRules = (
			);
			dependencies = (
			);
			name = DOTCHI;
			packageProductDependencies = (
				FFCD60B12C2D9AA7007785FF /* RxGesture */,
				FFCD60B42C2D9B10007785FF /* KeychainSwift */,
				FFCD60B72C2D9B29007785FF /* CombineMoya */,
				FFCD60B92C2D9B29007785FF /* Moya */,
				FFCD60BB2C2D9B29007785FF /* ReactiveMoya */,
				FFCD60BD2C2D9B29007785FF /* RxMoya */,
				FFCD60C02C2D9DBC007785FF /* Lottie */,
				FF4BF6AB2C2DB15500B6DEB2 /* SnapKit */,
				FFC7BB782C35B905000EA7B5 /* IQKeyboardManagerSwift */,
			);
			productName = DOTCHI;
			productReference = FFCD60262C21D9F2007785FF /* DOTCHI.app */;
			productType = "com.apple.product-type.application";
		};
/* End PBXNativeTarget section */

/* Begin PBXProject section */
		FFCD601E2C21D9F2007785FF /* Project object */ = {
			isa = PBXProject;
			attributes = {
				BuildIndependentTargetsInParallel = 1;
				LastSwiftUpdateCheck = 1500;
				LastUpgradeCheck = 1600;
				TargetAttributes = {
					FFCD60252C21D9F2007785FF = {
						CreatedOnToolsVersion = 15.0.1;
					};
				};
			};
			buildConfigurationList = FFCD60212C21D9F2007785FF /* Build configuration list for PBXProject "DOTCHI" */;
			compatibilityVersion = "Xcode 14.0";
			developmentRegion = en;
			hasScannedForEncodings = 0;
			knownRegions = (
				en,
				Base,
			);
			mainGroup = FFCD601D2C21D9F2007785FF;
			packageReferences = (
				FFCD60B02C2D9AA7007785FF /* XCRemoteSwiftPackageReference "RxGesture" */,
				FFCD60B32C2D9B10007785FF /* XCRemoteSwiftPackageReference "keychain-swift" */,
				FFCD60B62C2D9B29007785FF /* XCRemoteSwiftPackageReference "Moya" */,
				FFCD60BF2C2D9DBC007785FF /* XCRemoteSwiftPackageReference "lottie-spm" */,
				FF4BF6AA2C2DB15500B6DEB2 /* XCRemoteSwiftPackageReference "SnapKit" */,
				FFC7BB772C35B905000EA7B5 /* XCRemoteSwiftPackageReference "IQKeyboardManager" */,
			);
			productRefGroup = FFCD60272C21D9F2007785FF /* Products */;
			projectDirPath = "";
			projectRoot = "";
			targets = (
				FFCD60252C21D9F2007785FF /* DOTCHI */,
			);
		};
/* End PBXProject section */

/* Begin PBXResourcesBuildPhase section */
		FFCD60242C21D9F2007785FF /* Resources */ = {
			isa = PBXResourcesBuildPhase;
			buildActionMask = 2147483647;
			files = (
				FFCD60442C2D9195007785FF /* Pretendard-SemiBold.ttf in Resources */,
				FFCD60362C21D9F3007785FF /* LaunchScreen.storyboard in Resources */,
				FFCD60452C2D9195007785FF /* Pretendard-ExtraBold.ttf in Resources */,
				FFCD60462C2D9195007785FF /* Pretendard-Bold.ttf in Resources */,
				FFCD60472C2D9195007785FF /* Pretendard-Medium.ttf in Resources */,
				FFCD604A2C2D9290007785FF /* Assets.xcassets in Resources */,
				FFCD604B2C2D9290007785FF /* Colorsets.xcassets in Resources */,
				FFFB88922C875E6200ACB0C6 /* pung.json in Resources */,
			);
			runOnlyForDeploymentPostprocessing = 0;
		};
/* End PBXResourcesBuildPhase section */

/* Begin PBXSourcesBuildPhase section */
		FFCD60222C21D9F2007785FF /* Sources */ = {
			isa = PBXSourcesBuildPhase;
			buildActionMask = 2147483647;
			files = (
				FFCD60622C2D95AA007785FF /* BaseUINavigationController.swift in Sources */,
				FFDAE3332CA0790000509227 /* HomeThemeButtonView.swift in Sources */,
				FFC7BB762C35ADD4000EA7B5 /* SigninTextField.swift in Sources */,
				FF6230382C9F36A9002029A6 /* CardRouter.swift in Sources */,
				FFCD60812C2D980F007785FF /* UINavigationController+.swift in Sources */,
				FF843BDF2C7A4967007B14A8 /* PlaceholderTextView.swift in Sources */,
				FFC7BB892C3D956F000EA7B5 /* NetworkResult.swift in Sources */,
				FFCD60832C2D9832007785FF /* Encodable+.swift in Sources */,
				FFC7BB7B2C35BA89000EA7B5 /* DoneButton.swift in Sources */,
				FFCD60652C2D96D8007785FF /* UIViewController+.swift in Sources */,
				FFFB88872C7B216A00ACB0C6 /* SignupEntity.swift in Sources */,
				1E9727652C44FCA600252CA6 /* BlacklistResponseDTO.swift in Sources */,
				FFCD606D2C2D9742007785FF /* UILabel+.swift in Sources */,
				FFDAE3392CA885DF00509227 /* MakeDotchiCollectionViewCell.swift in Sources */,
				FFC7BB872C3D9562000EA7B5 /* DotchiMoyaProvider.swift in Sources */,
				FFC7BBA32C45765A000EA7B5 /* SignupProfileImageViewController.swift in Sources */,
				FFCD60982C2D991A007785FF /* Messages.swift in Sources */,
				FFDAE33D2CA886CF00509227 /* Int+.swift in Sources */,
				FF3344702C8D86F8002F2640 /* HomeRankDotchiImageView.swift in Sources */,
				FFC7BBA12C45764E000EA7B5 /* SignupIntroduceViewController.swift in Sources */,
				1E9727462C3C3C6F00252CA6 /* SettingViewController.swift in Sources */,
				FFB7F9BA2C5A430700650238 /* UITapGestureRecognizer+.swift in Sources */,
				1E9727582C43924F00252CA6 /* UserRouter.swift in Sources */,
				1ED0A92E2C8CC92500D78F4E /* PasswordTextField.swift in Sources */,
				FFC7BB922C3EDFCB000EA7B5 /* AuthRouter.swift in Sources */,
				FFCD609A2C2D9920007785FF /* KeychainKeys.swift in Sources */,
				FF4BF6B22C2DB63900B6DEB2 /* CardEntity.swift in Sources */,
				1E9727622C44F62000252CA6 /* BlacklistViewController.swift in Sources */,
				FF4BF6BA2C2DB68000B6DEB2 /* CommentEntity.swift in Sources */,
				FF328DC52C4D4DA300007CD5 /* DotchiNavigationView.swift in Sources */,
				FFC7BB962C3EE055000EA7B5 /* ServiceEnvironment.swift in Sources */,
				FFC7BB7E2C3D8A38000EA7B5 /* SignupUserInfoViewController.swift in Sources */,
				FFCD60732C2D977F007785FF /* UIImageView+.swift in Sources */,
				FF328DC72C4D6FBC00007CD5 /* ProgressBarView.swift in Sources */,
				FF3344742C8E6844002F2640 /* HomeDiscoverView.swift in Sources */,
				FFDAE3372CA8826000509227 /* MakeDotchiLuckyTitleView.swift in Sources */,
				FF62303E2C9FE41A002029A6 /* CardListResponseDTO.swift in Sources */,
				FFCD60792C2D97C3007785FF /* String+.swift in Sources */,
				1E3A1E612C71EEA50096708D /* EditUserRequestDTO.swift in Sources */,
				FFCD602A2C21D9F2007785FF /* AppDelegate.swift in Sources */,
				FFB7F9B62C5A396F00650238 /* WarningLabel.swift in Sources */,
				FF4BF6C22C2DB72700B6DEB2 /* APIConstants.swift in Sources */,
				FFDAE33B2CA8860100509227 /* LoadPhotoView.swift in Sources */,
				FFCD60882C2D9884007785FF /* UIViewControllerToSwiftUI.swift in Sources */,
				FFC7BBA52C45766D000EA7B5 /* SignupCompleteViewController.swift in Sources */,
				FF4BF6BF2C2DB6F900B6DEB2 /* NetworkLoggerPlugin.swift in Sources */,
				FFC7BB9F2C457616000EA7B5 /* SignupNicknameViewController.swift in Sources */,
				FFCD60672C2D96F8007785FF /* UIView+.swift in Sources */,
				FF4BF6AF2C2DB39300B6DEB2 /* MyViewController.swift in Sources */,
				FF328DC92C5A25A500007CD5 /* SignupTextField.swift in Sources */,
				FFCD60C52C2D9E66007785FF /* DotchiTabBarController.swift in Sources */,
				FF4BF6B82C2DB66F00B6DEB2 /* MakeDotchiEntity.swift in Sources */,
				FFC7BB732C35A770000EA7B5 /* TextUnderlineButtonView.swift in Sources */,
				FF4BF6B62C2DB65B00B6DEB2 /* CardFrontEntity.swift in Sources */,
				FF328DCB2C5A280500007CD5 /* IconButton.swift in Sources */,
				FFCD608B2C2D98A5007785FF /* ImageCacheManager.swift in Sources */,
				FFCD608D2C2D98B1007785FF /* UserInfo.swift in Sources */,
				FFCD60562C2D9501007785FF /* UIFont+.swift in Sources */,
				FFFB888D2C7F79C500ACB0C6 /* HomeTodayView.swift in Sources */,
				FFCD60922C2D98F7007785FF /* LuckyType.swift in Sources */,
				FF4BF6B42C2DB64A00B6DEB2 /* CardUserEntity.swift in Sources */,
				1E3A1E5F2C71EE740096708D /* EditUserResponseDTO.swift in Sources */,
				FFCD602C2C21D9F2007785FF /* SceneDelegate.swift in Sources */,
				FFC7BB6E2C345EBC000EA7B5 /* SigninViewController.swift in Sources */,
				FFCD60712C2D976E007785FF /* Adjusted+.swift in Sources */,
				FFCD60942C2D990D007785FF /* CardSortType.swift in Sources */,
				FFC7BB702C3460BF000EA7B5 /* HomeViewController.swift in Sources */,
				1E97274A2C3DA24100252CA6 /* EditProfileViewController.swift in Sources */,
				1E3A1E632C7422580096708D /* EditAccountInfoViewController.swift in Sources */,
				FFCD60692C2D9718007785FF /* UIButton+.swift in Sources */,
				FFCD60522C2D9482007785FF /* SplashViewController.swift in Sources */,
				FF62303A2C9FCD9E002029A6 /* CardService.swift in Sources */,
				1E9727602C43AE2D00252CA6 /* MyCardResponseDTO.swift in Sources */,
				FFB7F9B82C5A42E700650238 /* TermsLabel.swift in Sources */,
				FFCD607B2C2D97D1007785FF /* UITableView+.swift in Sources */,
				1ED0A9262C80F44400D78F4E /* ChangePasswordViewController.swift in Sources */,
				FFCD605B2C2D953F007785FF /* BaseViewController.swift in Sources */,
				FFCB11FB2C9E5AFC00892966 /* DotchiSmallCardCollectionViewCell.swift in Sources */,
				FFCD607D2C2D97E1007785FF /* UIImage+.swift in Sources */,
				FFCD606F2C2D975A007785FF /* UICollectionView+.swift in Sources */,
				FFC7BB902C3EDFAC000EA7B5 /* SigninRequestDTO.swift in Sources */,
				FFCB11F82C9AED1600892966 /* MoreButton.swift in Sources */,
				1E97275E2C43996D00252CA6 /* UserService.swift in Sources */,
				FFC7BB8B2C3D95BA000EA7B5 /* BaseService.swift in Sources */,
				FFCD608F2C2D98BF007785FF /* UserDefaultsManager.swift in Sources */,
				FFC7BB9D2C3EE151000EA7B5 /* SigninResponseDTO.swift in Sources */,
				FFCD60852C2D9860007785FF /* ClassNameProtocol.swift in Sources */,
				FFCD60962C2D9915007785FF /* CardHeadType.swift in Sources */,
				FFDAE3312CA0762D00509227 /* HomeThemeView.swift in Sources */,
				FF3344722C8DA2DF002F2640 /* HomeNicknameView.swift in Sources */,
				FFCD607F2C2D97FB007785FF /* UserDefaults+.swift in Sources */,
				1E97275C2C43986B00252CA6 /* UserResponseDTO.swift in Sources */,
				FFDAE33F2CA8880B00509227 /* MakeDotchiContentViewController.swift in Sources */,
				FFB7F9BD2C5BE35900650238 /* SignupRequestDTO.swift in Sources */,
				FFC7BB852C3D943E000EA7B5 /* BaseResponseType.swift in Sources */,
				FF4BF6BC2C2DB69300B6DEB2 /* CardBackEntity.swift in Sources */,
				FFCD60772C2D97AA007785FF /* UITextField+.swift in Sources */,
				FFC7BB802C3D8D62000EA7B5 /* AppInfo.swift in Sources */,
				FFCD60752C2D9792007785FF /* UIStackView+.swift in Sources */,
				FFFB88892C7E1BA100ACB0C6 /* SignupResponseDTO.swift in Sources */,
				FFCD60582C2D9515007785FF /* UIColor+.swift in Sources */,
				FF4BF6A92C2DACCB00B6DEB2 /* MakeDotchiPhotoViewController.swift in Sources */,
				FFC7BB8D2C3EDF95000EA7B5 /* AuthService.swift in Sources */,
			);
			runOnlyForDeploymentPostprocessing = 0;
		};
/* End PBXSourcesBuildPhase section */

/* Begin PBXVariantGroup section */
		FFCD60342C21D9F3007785FF /* LaunchScreen.storyboard */ = {
			isa = PBXVariantGroup;
			children = (
				FFCD60352C21D9F3007785FF /* Base */,
			);
			name = LaunchScreen.storyboard;
			sourceTree = "<group>";
		};
/* End PBXVariantGroup section */

/* Begin XCBuildConfiguration section */
		FFCD60382C21D9F3007785FF /* Debug */ = {
			isa = XCBuildConfiguration;
			baseConfigurationReference = FF843BD92C7A2F79007B14A8 /* Debug.xcconfig */;
			buildSettings = {
				ALWAYS_SEARCH_USER_PATHS = NO;
				ASSETCATALOG_COMPILER_GENERATE_SWIFT_ASSET_SYMBOL_EXTENSIONS = YES;
				CLANG_ANALYZER_NONNULL = YES;
				CLANG_ANALYZER_NUMBER_OBJECT_CONVERSION = YES_AGGRESSIVE;
				CLANG_CXX_LANGUAGE_STANDARD = "gnu++20";
				CLANG_ENABLE_MODULES = YES;
				CLANG_ENABLE_OBJC_ARC = YES;
				CLANG_ENABLE_OBJC_WEAK = YES;
				CLANG_WARN_BLOCK_CAPTURE_AUTORELEASING = YES;
				CLANG_WARN_BOOL_CONVERSION = YES;
				CLANG_WARN_COMMA = YES;
				CLANG_WARN_CONSTANT_CONVERSION = YES;
				CLANG_WARN_DEPRECATED_OBJC_IMPLEMENTATIONS = YES;
				CLANG_WARN_DIRECT_OBJC_ISA_USAGE = YES_ERROR;
				CLANG_WARN_DOCUMENTATION_COMMENTS = YES;
				CLANG_WARN_EMPTY_BODY = YES;
				CLANG_WARN_ENUM_CONVERSION = YES;
				CLANG_WARN_INFINITE_RECURSION = YES;
				CLANG_WARN_INT_CONVERSION = YES;
				CLANG_WARN_NON_LITERAL_NULL_CONVERSION = YES;
				CLANG_WARN_OBJC_IMPLICIT_RETAIN_SELF = YES;
				CLANG_WARN_OBJC_LITERAL_CONVERSION = YES;
				CLANG_WARN_OBJC_ROOT_CLASS = YES_ERROR;
				CLANG_WARN_QUOTED_INCLUDE_IN_FRAMEWORK_HEADER = YES;
				CLANG_WARN_RANGE_LOOP_ANALYSIS = YES;
				CLANG_WARN_STRICT_PROTOTYPES = YES;
				CLANG_WARN_SUSPICIOUS_MOVE = YES;
				CLANG_WARN_UNGUARDED_AVAILABILITY = YES_AGGRESSIVE;
				CLANG_WARN_UNREACHABLE_CODE = YES;
				CLANG_WARN__DUPLICATE_METHOD_MATCH = YES;
				COPY_PHASE_STRIP = NO;
				DEBUG_INFORMATION_FORMAT = dwarf;
				ENABLE_STRICT_OBJC_MSGSEND = YES;
				ENABLE_TESTABILITY = YES;
				ENABLE_USER_SCRIPT_SANDBOXING = YES;
				GCC_C_LANGUAGE_STANDARD = gnu17;
				GCC_DYNAMIC_NO_PIC = NO;
				GCC_NO_COMMON_BLOCKS = YES;
				GCC_OPTIMIZATION_LEVEL = 0;
				GCC_PREPROCESSOR_DEFINITIONS = (
					"DEBUG=1",
					"$(inherited)",
				);
				GCC_WARN_64_TO_32_BIT_CONVERSION = YES;
				GCC_WARN_ABOUT_RETURN_TYPE = YES_ERROR;
				GCC_WARN_UNDECLARED_SELECTOR = YES;
				GCC_WARN_UNINITIALIZED_AUTOS = YES_AGGRESSIVE;
				GCC_WARN_UNUSED_FUNCTION = YES;
				GCC_WARN_UNUSED_VARIABLE = YES;
				IPHONEOS_DEPLOYMENT_TARGET = 17.0;
				LOCALIZATION_PREFERS_STRING_CATALOGS = YES;
				MTL_ENABLE_DEBUG_INFO = INCLUDE_SOURCE;
				MTL_FAST_MATH = YES;
				ONLY_ACTIVE_ARCH = YES;
				SDKROOT = iphoneos;
				SWIFT_ACTIVE_COMPILATION_CONDITIONS = "DEBUG $(inherited)";
				SWIFT_OPTIMIZATION_LEVEL = "-Onone";
			};
			name = Debug;
		};
		FFCD60392C21D9F3007785FF /* Release */ = {
			isa = XCBuildConfiguration;
			baseConfigurationReference = FF843BD92C7A2F79007B14A8 /* Debug.xcconfig */;
			buildSettings = {
				ALWAYS_SEARCH_USER_PATHS = NO;
				ASSETCATALOG_COMPILER_GENERATE_SWIFT_ASSET_SYMBOL_EXTENSIONS = YES;
				CLANG_ANALYZER_NONNULL = YES;
				CLANG_ANALYZER_NUMBER_OBJECT_CONVERSION = YES_AGGRESSIVE;
				CLANG_CXX_LANGUAGE_STANDARD = "gnu++20";
				CLANG_ENABLE_MODULES = YES;
				CLANG_ENABLE_OBJC_ARC = YES;
				CLANG_ENABLE_OBJC_WEAK = YES;
				CLANG_WARN_BLOCK_CAPTURE_AUTORELEASING = YES;
				CLANG_WARN_BOOL_CONVERSION = YES;
				CLANG_WARN_COMMA = YES;
				CLANG_WARN_CONSTANT_CONVERSION = YES;
				CLANG_WARN_DEPRECATED_OBJC_IMPLEMENTATIONS = YES;
				CLANG_WARN_DIRECT_OBJC_ISA_USAGE = YES_ERROR;
				CLANG_WARN_DOCUMENTATION_COMMENTS = YES;
				CLANG_WARN_EMPTY_BODY = YES;
				CLANG_WARN_ENUM_CONVERSION = YES;
				CLANG_WARN_INFINITE_RECURSION = YES;
				CLANG_WARN_INT_CONVERSION = YES;
				CLANG_WARN_NON_LITERAL_NULL_CONVERSION = YES;
				CLANG_WARN_OBJC_IMPLICIT_RETAIN_SELF = YES;
				CLANG_WARN_OBJC_LITERAL_CONVERSION = YES;
				CLANG_WARN_OBJC_ROOT_CLASS = YES_ERROR;
				CLANG_WARN_QUOTED_INCLUDE_IN_FRAMEWORK_HEADER = YES;
				CLANG_WARN_RANGE_LOOP_ANALYSIS = YES;
				CLANG_WARN_STRICT_PROTOTYPES = YES;
				CLANG_WARN_SUSPICIOUS_MOVE = YES;
				CLANG_WARN_UNGUARDED_AVAILABILITY = YES_AGGRESSIVE;
				CLANG_WARN_UNREACHABLE_CODE = YES;
				CLANG_WARN__DUPLICATE_METHOD_MATCH = YES;
				COPY_PHASE_STRIP = NO;
				DEBUG_INFORMATION_FORMAT = "dwarf-with-dsym";
				ENABLE_NS_ASSERTIONS = NO;
				ENABLE_STRICT_OBJC_MSGSEND = YES;
				ENABLE_USER_SCRIPT_SANDBOXING = YES;
				GCC_C_LANGUAGE_STANDARD = gnu17;
				GCC_NO_COMMON_BLOCKS = YES;
				GCC_WARN_64_TO_32_BIT_CONVERSION = YES;
				GCC_WARN_ABOUT_RETURN_TYPE = YES_ERROR;
				GCC_WARN_UNDECLARED_SELECTOR = YES;
				GCC_WARN_UNINITIALIZED_AUTOS = YES_AGGRESSIVE;
				GCC_WARN_UNUSED_FUNCTION = YES;
				GCC_WARN_UNUSED_VARIABLE = YES;
				IPHONEOS_DEPLOYMENT_TARGET = 17.0;
				LOCALIZATION_PREFERS_STRING_CATALOGS = YES;
				MTL_ENABLE_DEBUG_INFO = NO;
				MTL_FAST_MATH = YES;
				SDKROOT = iphoneos;
				SWIFT_COMPILATION_MODE = wholemodule;
				VALIDATE_PRODUCT = YES;
			};
			name = Release;
		};
		FFCD603B2C21D9F3007785FF /* Debug */ = {
			isa = XCBuildConfiguration;
			baseConfigurationReference = FF843BD92C7A2F79007B14A8 /* Debug.xcconfig */;
			buildSettings = {
				ASSETCATALOG_COMPILER_APPICON_NAME = AppIcon;
				ASSETCATALOG_COMPILER_GLOBAL_ACCENT_COLOR_NAME = AccentColor;
				CODE_SIGN_STYLE = Automatic;
				CURRENT_PROJECT_VERSION = 1;
				DEVELOPMENT_TEAM = N4RT4KGQK9;
				GENERATE_INFOPLIST_FILE = YES;
				INFOPLIST_FILE = DOTCHI/Info.plist;
				INFOPLIST_KEY_CFBundleDisplayName = DOTCHI;
				INFOPLIST_KEY_UIApplicationSupportsIndirectInputEvents = YES;
				INFOPLIST_KEY_UILaunchStoryboardName = LaunchScreen.storyboard;
				INFOPLIST_KEY_UISupportedInterfaceOrientations = UIInterfaceOrientationPortrait;
				INFOPLIST_KEY_UISupportedInterfaceOrientations_iPad = "UIInterfaceOrientationLandscapeLeft UIInterfaceOrientationLandscapeRight UIInterfaceOrientationPortrait UIInterfaceOrientationPortraitUpsideDown";
				LD_RUNPATH_SEARCH_PATHS = (
					"$(inherited)",
					"@executable_path/Frameworks",
				);
				MARKETING_VERSION = 1.0;
				PRODUCT_BUNDLE_IDENTIFIER = com.madilyn.DOTCHI;
				PRODUCT_NAME = "$(TARGET_NAME)";
				SUPPORTED_PLATFORMS = "iphoneos iphonesimulator";
				SUPPORTS_MACCATALYST = NO;
				SWIFT_EMIT_LOC_STRINGS = YES;
				SWIFT_VERSION = 5.0;
				TARGETED_DEVICE_FAMILY = 1;
			};
			name = Debug;
		};
		FFCD603C2C21D9F3007785FF /* Release */ = {
			isa = XCBuildConfiguration;
			baseConfigurationReference = FF843BD92C7A2F79007B14A8 /* Debug.xcconfig */;
			buildSettings = {
				ASSETCATALOG_COMPILER_APPICON_NAME = AppIcon;
				ASSETCATALOG_COMPILER_GLOBAL_ACCENT_COLOR_NAME = AccentColor;
				CODE_SIGN_STYLE = Automatic;
				CURRENT_PROJECT_VERSION = 1;
				DEVELOPMENT_TEAM = N4RT4KGQK9;
				GENERATE_INFOPLIST_FILE = YES;
				INFOPLIST_FILE = DOTCHI/Info.plist;
				INFOPLIST_KEY_CFBundleDisplayName = DOTCHI;
				INFOPLIST_KEY_UIApplicationSupportsIndirectInputEvents = YES;
				INFOPLIST_KEY_UILaunchStoryboardName = LaunchScreen.storyboard;
				INFOPLIST_KEY_UISupportedInterfaceOrientations = UIInterfaceOrientationPortrait;
				INFOPLIST_KEY_UISupportedInterfaceOrientations_iPad = "UIInterfaceOrientationLandscapeLeft UIInterfaceOrientationLandscapeRight UIInterfaceOrientationPortrait UIInterfaceOrientationPortraitUpsideDown";
				LD_RUNPATH_SEARCH_PATHS = (
					"$(inherited)",
					"@executable_path/Frameworks",
				);
				MARKETING_VERSION = 1.0;
				PRODUCT_BUNDLE_IDENTIFIER = com.madilyn.DOTCHI;
				PRODUCT_NAME = "$(TARGET_NAME)";
				SUPPORTED_PLATFORMS = "iphoneos iphonesimulator";
				SUPPORTS_MACCATALYST = NO;
				SWIFT_EMIT_LOC_STRINGS = YES;
				SWIFT_VERSION = 5.0;
				TARGETED_DEVICE_FAMILY = 1;
			};
			name = Release;
		};
/* End XCBuildConfiguration section */

/* Begin XCConfigurationList section */
		FFCD60212C21D9F2007785FF /* Build configuration list for PBXProject "DOTCHI" */ = {
			isa = XCConfigurationList;
			buildConfigurations = (
				FFCD60382C21D9F3007785FF /* Debug */,
				FFCD60392C21D9F3007785FF /* Release */,
			);
			defaultConfigurationIsVisible = 0;
			defaultConfigurationName = Release;
		};
		FFCD603A2C21D9F3007785FF /* Build configuration list for PBXNativeTarget "DOTCHI" */ = {
			isa = XCConfigurationList;
			buildConfigurations = (
				FFCD603B2C21D9F3007785FF /* Debug */,
				FFCD603C2C21D9F3007785FF /* Release */,
			);
			defaultConfigurationIsVisible = 0;
			defaultConfigurationName = Release;
		};
/* End XCConfigurationList section */

/* Begin XCRemoteSwiftPackageReference section */
		FF4BF6AA2C2DB15500B6DEB2 /* XCRemoteSwiftPackageReference "SnapKit" */ = {
			isa = XCRemoteSwiftPackageReference;
			repositoryURL = "https://github.com/SnapKit/SnapKit.git";
			requirement = {
				kind = upToNextMajorVersion;
				minimumVersion = 5.7.1;
			};
		};
		FFC7BB772C35B905000EA7B5 /* XCRemoteSwiftPackageReference "IQKeyboardManager" */ = {
			isa = XCRemoteSwiftPackageReference;
			repositoryURL = "https://github.com/hackiftekhar/IQKeyboardManager.git";
			requirement = {
				kind = upToNextMajorVersion;
				minimumVersion = 7.0.3;
			};
		};
		FFCD60B02C2D9AA7007785FF /* XCRemoteSwiftPackageReference "RxGesture" */ = {
			isa = XCRemoteSwiftPackageReference;
			repositoryURL = "https://github.com/RxSwiftCommunity/RxGesture.git";
			requirement = {
				kind = upToNextMajorVersion;
				minimumVersion = 4.0.4;
			};
		};
		FFCD60B32C2D9B10007785FF /* XCRemoteSwiftPackageReference "keychain-swift" */ = {
			isa = XCRemoteSwiftPackageReference;
			repositoryURL = "https://github.com/evgenyneu/keychain-swift.git";
			requirement = {
				kind = upToNextMajorVersion;
				minimumVersion = 24.0.0;
			};
		};
		FFCD60B62C2D9B29007785FF /* XCRemoteSwiftPackageReference "Moya" */ = {
			isa = XCRemoteSwiftPackageReference;
			repositoryURL = "https://github.com/Moya/Moya.git";
			requirement = {
				kind = upToNextMajorVersion;
				minimumVersion = 15.0.3;
			};
		};
		FFCD60BF2C2D9DBC007785FF /* XCRemoteSwiftPackageReference "lottie-spm" */ = {
			isa = XCRemoteSwiftPackageReference;
			repositoryURL = "https://github.com/airbnb/lottie-spm.git";
			requirement = {
				kind = upToNextMajorVersion;
				minimumVersion = 4.4.3;
			};
		};
/* End XCRemoteSwiftPackageReference section */

/* Begin XCSwiftPackageProductDependency section */
		FF4BF6AB2C2DB15500B6DEB2 /* SnapKit */ = {
			isa = XCSwiftPackageProductDependency;
			package = FF4BF6AA2C2DB15500B6DEB2 /* XCRemoteSwiftPackageReference "SnapKit" */;
			productName = SnapKit;
		};
		FFC7BB782C35B905000EA7B5 /* IQKeyboardManagerSwift */ = {
			isa = XCSwiftPackageProductDependency;
			package = FFC7BB772C35B905000EA7B5 /* XCRemoteSwiftPackageReference "IQKeyboardManager" */;
			productName = IQKeyboardManagerSwift;
		};
		FFCD60B12C2D9AA7007785FF /* RxGesture */ = {
			isa = XCSwiftPackageProductDependency;
			package = FFCD60B02C2D9AA7007785FF /* XCRemoteSwiftPackageReference "RxGesture" */;
			productName = RxGesture;
		};
		FFCD60B42C2D9B10007785FF /* KeychainSwift */ = {
			isa = XCSwiftPackageProductDependency;
			package = FFCD60B32C2D9B10007785FF /* XCRemoteSwiftPackageReference "keychain-swift" */;
			productName = KeychainSwift;
		};
		FFCD60B72C2D9B29007785FF /* CombineMoya */ = {
			isa = XCSwiftPackageProductDependency;
			package = FFCD60B62C2D9B29007785FF /* XCRemoteSwiftPackageReference "Moya" */;
			productName = CombineMoya;
		};
		FFCD60B92C2D9B29007785FF /* Moya */ = {
			isa = XCSwiftPackageProductDependency;
			package = FFCD60B62C2D9B29007785FF /* XCRemoteSwiftPackageReference "Moya" */;
			productName = Moya;
		};
		FFCD60BB2C2D9B29007785FF /* ReactiveMoya */ = {
			isa = XCSwiftPackageProductDependency;
			package = FFCD60B62C2D9B29007785FF /* XCRemoteSwiftPackageReference "Moya" */;
			productName = ReactiveMoya;
		};
		FFCD60BD2C2D9B29007785FF /* RxMoya */ = {
			isa = XCSwiftPackageProductDependency;
			package = FFCD60B62C2D9B29007785FF /* XCRemoteSwiftPackageReference "Moya" */;
			productName = RxMoya;
		};
		FFCD60C02C2D9DBC007785FF /* Lottie */ = {
			isa = XCSwiftPackageProductDependency;
			package = FFCD60BF2C2D9DBC007785FF /* XCRemoteSwiftPackageReference "lottie-spm" */;
			productName = Lottie;
		};
/* End XCSwiftPackageProductDependency section */
	};
	rootObject = FFCD601E2C21D9F2007785FF /* Project object */;
}
